// !$*UTF8*$!
{
	archiveVersion = 1;
	classes = {
	};
	objectVersion = 42;
	objects = {

/* Begin PBXBuildFile section */
		0321593F12AC83F100A73397 /* contourSimplify.cpp in Sources */ = {isa = PBXBuildFile; fileRef = 0321590C12AC83F100A73397 /* contourSimplify.cpp */; };
		0321594812AC83F200A73397 /* ofxMSAInteractiveObject.cpp in Sources */ = {isa = PBXBuildFile; fileRef = 0321592B12AC83F100A73397 /* ofxMSAInteractiveObject.cpp */; };
		0321594B12AC83F200A73397 /* assert.cpp in Sources */ = {isa = PBXBuildFile; fileRef = 0321593A12AC83F100A73397 /* assert.cpp */; };
		0321594C12AC83F200A73397 /* del_impl.cpp in Sources */ = {isa = PBXBuildFile; fileRef = 0321593B12AC83F100A73397 /* del_impl.cpp */; };
		0321594D12AC83F200A73397 /* ofxTriangle.cpp in Sources */ = {isa = PBXBuildFile; fileRef = 0321593D12AC83F100A73397 /* ofxTriangle.cpp */; };
		0321596212AC851400A73397 /* MultiThreadedTriangle.cpp in Sources */ = {isa = PBXBuildFile; fileRef = 0321596112AC851400A73397 /* MultiThreadedTriangle.cpp */; };
		033CA4E312AC2AAE009F90F8 /* tinyxml.cpp in Sources */ = {isa = PBXBuildFile; fileRef = 033CA4DC12AC2AAE009F90F8 /* tinyxml.cpp */; };
		033CA4E412AC2AAE009F90F8 /* tinyxmlerror.cpp in Sources */ = {isa = PBXBuildFile; fileRef = 033CA4DE12AC2AAE009F90F8 /* tinyxmlerror.cpp */; };
		033CA4E512AC2AAE009F90F8 /* tinyxmlparser.cpp in Sources */ = {isa = PBXBuildFile; fileRef = 033CA4DF12AC2AAE009F90F8 /* tinyxmlparser.cpp */; };
		033CA4E612AC2AAE009F90F8 /* ofxXmlSettings.cpp in Sources */ = {isa = PBXBuildFile; fileRef = 033CA4E112AC2AAE009F90F8 /* ofxXmlSettings.cpp */; };
		033CA52A12AC2AE1009F90F8 /* ofxThread.cpp in Sources */ = {isa = PBXBuildFile; fileRef = 033CA52812AC2AE1009F90F8 /* ofxThread.cpp */; };
		033CA53B12AC2AE9009F90F8 /* ofxMatrix3x3.cpp in Sources */ = {isa = PBXBuildFile; fileRef = 033CA52E12AC2AE8009F90F8 /* ofxMatrix3x3.cpp */; };
		033CA53C12AC2AE9009F90F8 /* ofxMatrix4x4.cpp in Sources */ = {isa = PBXBuildFile; fileRef = 033CA53012AC2AE8009F90F8 /* ofxMatrix4x4.cpp */; };
		033CA53D12AC2AE9009F90F8 /* ofxQuaternion.cpp in Sources */ = {isa = PBXBuildFile; fileRef = 033CA53512AC2AE8009F90F8 /* ofxQuaternion.cpp */; };
		033CA56912AC2BA8009F90F8 /* openCV.a in Frameworks */ = {isa = PBXBuildFile; fileRef = 033CA55712AC2BA8009F90F8 /* openCV.a */; };
		033CA56A12AC2BA8009F90F8 /* ofxCvColorImage.cpp in Sources */ = {isa = PBXBuildFile; fileRef = 033CA55A12AC2BA8009F90F8 /* ofxCvColorImage.cpp */; };
		033CA56B12AC2BA8009F90F8 /* ofxCvContourFinder.cpp in Sources */ = {isa = PBXBuildFile; fileRef = 033CA55D12AC2BA8009F90F8 /* ofxCvContourFinder.cpp */; };
		033CA56C12AC2BA8009F90F8 /* ofxCvFloatImage.cpp in Sources */ = {isa = PBXBuildFile; fileRef = 033CA55F12AC2BA8009F90F8 /* ofxCvFloatImage.cpp */; };
		033CA56D12AC2BA8009F90F8 /* ofxCvGrayscaleImage.cpp in Sources */ = {isa = PBXBuildFile; fileRef = 033CA56112AC2BA8009F90F8 /* ofxCvGrayscaleImage.cpp */; };
		033CA56E12AC2BA8009F90F8 /* ofxCvImage.cpp in Sources */ = {isa = PBXBuildFile; fileRef = 033CA56312AC2BA8009F90F8 /* ofxCvImage.cpp */; };
		033CA56F12AC2BA8009F90F8 /* ofxCvShortImage.cpp in Sources */ = {isa = PBXBuildFile; fileRef = 033CA56612AC2BA8009F90F8 /* ofxCvShortImage.cpp */; };
		038C16E412D70E2400FD5C10 /* ofxRuiThread.cpp in Sources */ = {isa = PBXBuildFile; fileRef = 038C16E212D70E2400FD5C10 /* ofxRuiThread.cpp */; };
		038C178912D70FA900FD5C10 /* CPUImageFilter.cpp in Sources */ = {isa = PBXBuildFile; fileRef = 038C175512D70FA900FD5C10 /* CPUImageFilter.cpp */; };
		038C178A12D70FA900FD5C10 /* ofxCvBlobTracker.cpp in Sources */ = {isa = PBXBuildFile; fileRef = 038C175712D70FA900FD5C10 /* ofxCvBlobTracker.cpp */; };
		038C178B12D70FA900FD5C10 /* ofxCvCoordWarping.cpp in Sources */ = {isa = PBXBuildFile; fileRef = 038C175A12D70FA900FD5C10 /* ofxCvCoordWarping.cpp */; };
		038C178C12D70FA900FD5C10 /* ofxCvCoordWarpingGui.cpp in Sources */ = {isa = PBXBuildFile; fileRef = 038C175C12D70FA900FD5C10 /* ofxCvCoordWarpingGui.cpp */; };
		038C178D12D70FA900FD5C10 /* ofxCvOpticalFlowLK.cpp in Sources */ = {isa = PBXBuildFile; fileRef = 038C175E12D70FA900FD5C10 /* ofxCvOpticalFlowLK.cpp */; };
		038C178E12D70FA900FD5C10 /* ofxSimpleGuiButton.cpp in Sources */ = {isa = PBXBuildFile; fileRef = 038C176712D70FA900FD5C10 /* ofxSimpleGuiButton.cpp */; };
		038C178F12D70FA900FD5C10 /* ofxSimpleGuiColorPicker.cpp in Sources */ = {isa = PBXBuildFile; fileRef = 038C176912D70FA900FD5C10 /* ofxSimpleGuiColorPicker.cpp */; };
		038C179012D70FA900FD5C10 /* ofxSimpleGuiComboBox.cpp in Sources */ = {isa = PBXBuildFile; fileRef = 038C176B12D70FA900FD5C10 /* ofxSimpleGuiComboBox.cpp */; };
		038C179112D70FA900FD5C10 /* ofxSimpleGuiContent.cpp in Sources */ = {isa = PBXBuildFile; fileRef = 038C176D12D70FA900FD5C10 /* ofxSimpleGuiContent.cpp */; };
		038C179212D70FA900FD5C10 /* ofxSimpleGuiFPSCounter.cpp in Sources */ = {isa = PBXBuildFile; fileRef = 038C176F12D70FA900FD5C10 /* ofxSimpleGuiFPSCounter.cpp */; };
		038C179312D70FA900FD5C10 /* ofxSimpleGuiMovieSlider.cpp in Sources */ = {isa = PBXBuildFile; fileRef = 038C177112D70FA900FD5C10 /* ofxSimpleGuiMovieSlider.cpp */; };
		038C179412D70FA900FD5C10 /* ofxSimpleGuiQuadWarp.cpp in Sources */ = {isa = PBXBuildFile; fileRef = 038C177312D70FA900FD5C10 /* ofxSimpleGuiQuadWarp.cpp */; };
		038C179512D70FA900FD5C10 /* ofxSimpleGuiSlider2d.cpp in Sources */ = {isa = PBXBuildFile; fileRef = 038C177512D70FA900FD5C10 /* ofxSimpleGuiSlider2d.cpp */; };
		038C179612D70FA900FD5C10 /* ofxSimpleGuiTitle.cpp in Sources */ = {isa = PBXBuildFile; fileRef = 038C177A12D70FA900FD5C10 /* ofxSimpleGuiTitle.cpp */; };
		038C179712D70FA900FD5C10 /* ofxSimpleGuiToggle.cpp in Sources */ = {isa = PBXBuildFile; fileRef = 038C177C12D70FA900FD5C10 /* ofxSimpleGuiToggle.cpp */; };
		038C179812D70FA900FD5C10 /* ofxSimpleGuiConfig.cpp in Sources */ = {isa = PBXBuildFile; fileRef = 038C177E12D70FA900FD5C10 /* ofxSimpleGuiConfig.cpp */; };
		038C179912D70FA900FD5C10 /* ofxSimpleGuiControl.cpp in Sources */ = {isa = PBXBuildFile; fileRef = 038C178012D70FA900FD5C10 /* ofxSimpleGuiControl.cpp */; };
		038C179A12D70FA900FD5C10 /* ofxSimpleGuiPage.cpp in Sources */ = {isa = PBXBuildFile; fileRef = 038C178312D70FA900FD5C10 /* ofxSimpleGuiPage.cpp */; };
		038C179B12D70FA900FD5C10 /* ofxSimpleGuiToo.cpp in Sources */ = {isa = PBXBuildFile; fileRef = 038C178512D70FA900FD5C10 /* ofxSimpleGuiToo.cpp */; };
		038C179C12D70FA900FD5C10 /* ofxSimpleGuiValueControl.cpp in Sources */ = {isa = PBXBuildFile; fileRef = 038C178712D70FA900FD5C10 /* ofxSimpleGuiValueControl.cpp */; };
		03CBFAF312D705B500AF40F5 /* cameras.c in Sources */ = {isa = PBXBuildFile; fileRef = 03CBFAD912D705B500AF40F5 /* cameras.c */; };
		03CBFAF412D705B500AF40F5 /* core.c in Sources */ = {isa = PBXBuildFile; fileRef = 03CBFADA12D705B500AF40F5 /* core.c */; };
		03CBFAF512D705B500AF40F5 /* tilt.c in Sources */ = {isa = PBXBuildFile; fileRef = 03CBFADF12D705B500AF40F5 /* tilt.c */; };
		03CBFAF612D705B500AF40F5 /* usb_libusb10.c in Sources */ = {isa = PBXBuildFile; fileRef = 03CBFAE012D705B500AF40F5 /* usb_libusb10.c */; };
		03CBFAF712D705B500AF40F5 /* usb-1.0.a in Frameworks */ = {isa = PBXBuildFile; fileRef = 03CBFAE812D705B500AF40F5 /* usb-1.0.a */; };
		03CBFAF812D705B500AF40F5 /* ofxKinect.cpp in Sources */ = {isa = PBXBuildFile; fileRef = 03CBFAEB12D705B500AF40F5 /* ofxKinect.cpp */; };
		03CBFAF912D705B500AF40F5 /* ofxKinectCalibration.cpp in Sources */ = {isa = PBXBuildFile; fileRef = 03CBFAED12D705B500AF40F5 /* ofxKinectCalibration.cpp */; };
		03CBFAFA12D705B500AF40F5 /* ofxKinectPlayer.cpp in Sources */ = {isa = PBXBuildFile; fileRef = 03CBFAEF12D705B500AF40F5 /* ofxKinectPlayer.cpp */; };
		03CBFAFB12D705B500AF40F5 /* ofxKinectRecorder.cpp in Sources */ = {isa = PBXBuildFile; fileRef = 03CBFAF112D705B500AF40F5 /* ofxKinectRecorder.cpp */; };
		E45BE0AA0E8CC67C009D7055 /* GLee.a in Frameworks */ = {isa = PBXBuildFile; fileRef = E45BE0A90E8CC67C009D7055 /* GLee.a */; };
		E45BE2E40E8CC69C009D7055 /* rtAudio.a in Frameworks */ = {isa = PBXBuildFile; fileRef = E45BE2E30E8CC69C009D7055 /* rtAudio.a */; };
		E45BE97B0E8CC7DD009D7055 /* AGL.framework in Frameworks */ = {isa = PBXBuildFile; fileRef = E45BE9710E8CC7DD009D7055 /* AGL.framework */; };
		E45BE97C0E8CC7DD009D7055 /* ApplicationServices.framework in Frameworks */ = {isa = PBXBuildFile; fileRef = E45BE9720E8CC7DD009D7055 /* ApplicationServices.framework */; };
		E45BE97D0E8CC7DD009D7055 /* AudioToolbox.framework in Frameworks */ = {isa = PBXBuildFile; fileRef = E45BE9730E8CC7DD009D7055 /* AudioToolbox.framework */; };
		E45BE97E0E8CC7DD009D7055 /* Carbon.framework in Frameworks */ = {isa = PBXBuildFile; fileRef = E45BE9740E8CC7DD009D7055 /* Carbon.framework */; };
		E45BE97F0E8CC7DD009D7055 /* CoreAudio.framework in Frameworks */ = {isa = PBXBuildFile; fileRef = E45BE9750E8CC7DD009D7055 /* CoreAudio.framework */; };
		E45BE9800E8CC7DD009D7055 /* CoreFoundation.framework in Frameworks */ = {isa = PBXBuildFile; fileRef = E45BE9760E8CC7DD009D7055 /* CoreFoundation.framework */; };
		E45BE9810E8CC7DD009D7055 /* CoreServices.framework in Frameworks */ = {isa = PBXBuildFile; fileRef = E45BE9770E8CC7DD009D7055 /* CoreServices.framework */; };
		E45BE9830E8CC7DD009D7055 /* OpenGL.framework in Frameworks */ = {isa = PBXBuildFile; fileRef = E45BE9790E8CC7DD009D7055 /* OpenGL.framework */; };
		E45BE9840E8CC7DD009D7055 /* QuickTime.framework in Frameworks */ = {isa = PBXBuildFile; fileRef = E45BE97A0E8CC7DD009D7055 /* QuickTime.framework */; };
		E4B69E200A3A1BDC003C02F2 /* main.cpp in Sources */ = {isa = PBXBuildFile; fileRef = E4B69E1D0A3A1BDC003C02F2 /* main.cpp */; };
		E4C2422B10CC554B004149E2 /* openFrameworks.a in Frameworks */ = {isa = PBXBuildFile; fileRef = E4C2421E10CC549C004149E2 /* openFrameworks.a */; };
		E4C2424710CC5A17004149E2 /* AppKit.framework in Frameworks */ = {isa = PBXBuildFile; fileRef = E4C2424410CC5A17004149E2 /* AppKit.framework */; };
		E4C2424810CC5A17004149E2 /* Cocoa.framework in Frameworks */ = {isa = PBXBuildFile; fileRef = E4C2424510CC5A17004149E2 /* Cocoa.framework */; };
		E4C2424910CC5A17004149E2 /* IOKit.framework in Frameworks */ = {isa = PBXBuildFile; fileRef = E4C2424610CC5A17004149E2 /* IOKit.framework */; };
		E4C2426610CC5A78004149E2 /* GLUT.framework in Frameworks */ = {isa = PBXBuildFile; fileRef = E4C2425F10CC5A78004149E2 /* GLUT.framework */; };
		E4C2426B10CC5AA6004149E2 /* GLUT.framework in CopyFiles */ = {isa = PBXBuildFile; fileRef = E4C2425F10CC5A78004149E2 /* GLUT.framework */; };
		E4C2427F10CC5B66004149E2 /* CppUnit.a in Frameworks */ = {isa = PBXBuildFile; fileRef = E4C2427A10CC5B66004149E2 /* CppUnit.a */; };
		E4C2428010CC5B66004149E2 /* PocoFoundation.a in Frameworks */ = {isa = PBXBuildFile; fileRef = E4C2427B10CC5B66004149E2 /* PocoFoundation.a */; };
		E4C2428110CC5B66004149E2 /* PocoNet.a in Frameworks */ = {isa = PBXBuildFile; fileRef = E4C2427C10CC5B66004149E2 /* PocoNet.a */; };
		E4C2428210CC5B66004149E2 /* PocoUtil.a in Frameworks */ = {isa = PBXBuildFile; fileRef = E4C2427D10CC5B66004149E2 /* PocoUtil.a */; };
		E4C2428310CC5B66004149E2 /* PocoXML.a in Frameworks */ = {isa = PBXBuildFile; fileRef = E4C2427E10CC5B66004149E2 /* PocoXML.a */; };
		E4C2429410CC5C38004149E2 /* freetype.a in Frameworks */ = {isa = PBXBuildFile; fileRef = E4C2429310CC5C38004149E2 /* freetype.a */; };
		E4C242CD10CC650E004149E2 /* libfmodex.dylib in Frameworks */ = {isa = PBXBuildFile; fileRef = E4C242CC10CC650E004149E2 /* libfmodex.dylib */; };
		E4C2443910CC7693004149E2 /* openFrameworks-Info.plist in CopyFiles */ = {isa = PBXBuildFile; fileRef = E4B6FCAD0C3E899E008CF71C /* openFrameworks-Info.plist */; };
		E4C246DA10CCAE22004149E2 /* freeimage.a in Frameworks */ = {isa = PBXBuildFile; fileRef = E4C246D910CCAE22004149E2 /* freeimage.a */; };
/* End PBXBuildFile section */

/* Begin PBXContainerItemProxy section */
		E4C2421D10CC549C004149E2 /* PBXContainerItemProxy */ = {
			isa = PBXContainerItemProxy;
			containerPortal = E4C2421610CC549C004149E2 /* openFrameworksLib.xcodeproj */;
			proxyType = 2;
			remoteGlobalIDString = E4B27C1510CBEB8E00536013;
			remoteInfo = openFrameworks;
		};
		E4C2422710CC54DA004149E2 /* PBXContainerItemProxy */ = {
			isa = PBXContainerItemProxy;
			containerPortal = E4C2421610CC549C004149E2 /* openFrameworksLib.xcodeproj */;
			proxyType = 1;
			remoteGlobalIDString = E4B27C1410CBEB8E00536013;
			remoteInfo = openFrameworks;
		};
/* End PBXContainerItemProxy section */

/* Begin PBXCopyFilesBuildPhase section */
		E4C2427710CC5ABF004149E2 /* CopyFiles */ = {
			isa = PBXCopyFilesBuildPhase;
			buildActionMask = 2147483647;
			dstPath = "";
			dstSubfolderSpec = 10;
			files = (
				E4C2426B10CC5AA6004149E2 /* GLUT.framework in CopyFiles */,
			);
			runOnlyForDeploymentPostprocessing = 0;
		};
		E4C2444710CC769B004149E2 /* CopyFiles */ = {
			isa = PBXCopyFilesBuildPhase;
			buildActionMask = 2147483647;
			dstPath = "";
			dstSubfolderSpec = 7;
			files = (
				E4C2443910CC7693004149E2 /* openFrameworks-Info.plist in CopyFiles */,
			);
			runOnlyForDeploymentPostprocessing = 0;
		};
/* End PBXCopyFilesBuildPhase section */

/* Begin PBXFileReference section */
		0321590C12AC83F100A73397 /* contourSimplify.cpp */ = {isa = PBXFileReference; fileEncoding = 4; lastKnownFileType = sourcecode.cpp.cpp; path = contourSimplify.cpp; sourceTree = "<group>"; };
		0321590D12AC83F100A73397 /* contourSimplify.h */ = {isa = PBXFileReference; fileEncoding = 4; lastKnownFileType = sourcecode.c.h; path = contourSimplify.h; sourceTree = "<group>"; };
		0321590E12AC83F100A73397 /* convexHull.h */ = {isa = PBXFileReference; fileEncoding = 4; lastKnownFileType = sourcecode.c.h; path = convexHull.h; sourceTree = "<group>"; };
		0321590F12AC83F100A73397 /* polylineSimplify.h */ = {isa = PBXFileReference; fileEncoding = 4; lastKnownFileType = sourcecode.c.h; path = polylineSimplify.h; sourceTree = "<group>"; };
		0321592712AC83F100A73397 /* changelog.txt */ = {isa = PBXFileReference; fileEncoding = 4; lastKnownFileType = text; path = changelog.txt; sourceTree = "<group>"; };
		0321592812AC83F100A73397 /* install.xml */ = {isa = PBXFileReference; fileEncoding = 4; lastKnownFileType = text.xml; path = install.xml; sourceTree = "<group>"; };
		0321592912AC83F100A73397 /* LICENSE.txt */ = {isa = PBXFileReference; fileEncoding = 4; lastKnownFileType = text; path = LICENSE.txt; sourceTree = "<group>"; };
		0321592B12AC83F100A73397 /* ofxMSAInteractiveObject.cpp */ = {isa = PBXFileReference; fileEncoding = 4; lastKnownFileType = sourcecode.cpp.cpp; path = ofxMSAInteractiveObject.cpp; sourceTree = "<group>"; };
		0321592C12AC83F100A73397 /* ofxMSAInteractiveObject.h */ = {isa = PBXFileReference; fileEncoding = 4; lastKnownFileType = sourcecode.c.h; path = ofxMSAInteractiveObject.h; sourceTree = "<group>"; };
		0321592F12AC83F100A73397 /* main.cpp */ = {isa = PBXFileReference; fileEncoding = 4; lastKnownFileType = sourcecode.cpp.cpp; path = main.cpp; sourceTree = "<group>"; };
		0321593012AC83F100A73397 /* testApp.cpp */ = {isa = PBXFileReference; fileEncoding = 4; lastKnownFileType = sourcecode.cpp.cpp; path = testApp.cpp; sourceTree = "<group>"; };
		0321593112AC83F100A73397 /* testApp.h */ = {isa = PBXFileReference; fileEncoding = 4; lastKnownFileType = sourcecode.c.h; path = testApp.h; sourceTree = "<group>"; };
		0321593312AC83F100A73397 /* assert.hpp */ = {isa = PBXFileReference; fileEncoding = 4; lastKnownFileType = sourcecode.cpp.h; path = assert.hpp; sourceTree = "<group>"; };
		0321593412AC83F100A73397 /* del_interface.hpp */ = {isa = PBXFileReference; fileEncoding = 4; lastKnownFileType = sourcecode.cpp.h; path = del_interface.hpp; sourceTree = "<group>"; };
		0321593512AC83F100A73397 /* dpoint.hpp */ = {isa = PBXFileReference; fileEncoding = 4; lastKnownFileType = sourcecode.cpp.h; path = dpoint.hpp; sourceTree = "<group>"; };
		0321593612AC83F100A73397 /* triangle.h */ = {isa = PBXFileReference; fileEncoding = 4; lastKnownFileType = sourcecode.c.h; path = triangle.h; sourceTree = "<group>"; };
		0321593712AC83F100A73397 /* triangle_impl.hpp */ = {isa = PBXFileReference; fileEncoding = 4; lastKnownFileType = sourcecode.cpp.h; path = triangle_impl.hpp; sourceTree = "<group>"; };
		0321593A12AC83F100A73397 /* assert.cpp */ = {isa = PBXFileReference; fileEncoding = 4; lastKnownFileType = sourcecode.cpp.cpp; path = assert.cpp; sourceTree = "<group>"; };
		0321593B12AC83F100A73397 /* del_impl.cpp */ = {isa = PBXFileReference; fileEncoding = 4; lastKnownFileType = sourcecode.cpp.cpp; path = del_impl.cpp; sourceTree = "<group>"; };
		0321593D12AC83F100A73397 /* ofxTriangle.cpp */ = {isa = PBXFileReference; fileEncoding = 4; lastKnownFileType = sourcecode.cpp.cpp; path = ofxTriangle.cpp; sourceTree = "<group>"; };
		0321593E12AC83F100A73397 /* ofxTriangle.h */ = {isa = PBXFileReference; fileEncoding = 4; lastKnownFileType = sourcecode.c.h; path = ofxTriangle.h; sourceTree = "<group>"; };
		0321596012AC851400A73397 /* MultiThreadedTriangle.h */ = {isa = PBXFileReference; fileEncoding = 4; lastKnownFileType = sourcecode.c.h; path = MultiThreadedTriangle.h; sourceTree = "<group>"; };
		0321596112AC851400A73397 /* MultiThreadedTriangle.cpp */ = {isa = PBXFileReference; fileEncoding = 4; lastKnownFileType = sourcecode.cpp.cpp; path = MultiThreadedTriangle.cpp; sourceTree = "<group>"; };
		03215A0B12ACA0B800A73397 /* ContourFinderThread.h */ = {isa = PBXFileReference; fileEncoding = 4; lastKnownFileType = sourcecode.c.h; path = ContourFinderThread.h; sourceTree = "<group>"; };
		033CA4DA12AC2AAE009F90F8 /* install.xml */ = {isa = PBXFileReference; fileEncoding = 4; lastKnownFileType = text.xml; path = install.xml; sourceTree = "<group>"; };
		033CA4DC12AC2AAE009F90F8 /* tinyxml.cpp */ = {isa = PBXFileReference; fileEncoding = 4; lastKnownFileType = sourcecode.cpp.cpp; path = tinyxml.cpp; sourceTree = "<group>"; };
		033CA4DD12AC2AAE009F90F8 /* tinyxml.h */ = {isa = PBXFileReference; fileEncoding = 4; lastKnownFileType = sourcecode.c.h; path = tinyxml.h; sourceTree = "<group>"; };
		033CA4DE12AC2AAE009F90F8 /* tinyxmlerror.cpp */ = {isa = PBXFileReference; fileEncoding = 4; lastKnownFileType = sourcecode.cpp.cpp; path = tinyxmlerror.cpp; sourceTree = "<group>"; };
		033CA4DF12AC2AAE009F90F8 /* tinyxmlparser.cpp */ = {isa = PBXFileReference; fileEncoding = 4; lastKnownFileType = sourcecode.cpp.cpp; path = tinyxmlparser.cpp; sourceTree = "<group>"; };
		033CA4E112AC2AAE009F90F8 /* ofxXmlSettings.cpp */ = {isa = PBXFileReference; fileEncoding = 4; lastKnownFileType = sourcecode.cpp.cpp; path = ofxXmlSettings.cpp; sourceTree = "<group>"; };
		033CA4E212AC2AAE009F90F8 /* ofxXmlSettings.h */ = {isa = PBXFileReference; fileEncoding = 4; lastKnownFileType = sourcecode.c.h; path = ofxXmlSettings.h; sourceTree = "<group>"; };
		033CA52612AC2AE1009F90F8 /* Instructions.txt */ = {isa = PBXFileReference; fileEncoding = 4; lastKnownFileType = text; path = Instructions.txt; sourceTree = "<group>"; };
		033CA52812AC2AE1009F90F8 /* ofxThread.cpp */ = {isa = PBXFileReference; fileEncoding = 4; lastKnownFileType = sourcecode.cpp.cpp; path = ofxThread.cpp; sourceTree = "<group>"; };
		033CA52912AC2AE1009F90F8 /* ofxThread.h */ = {isa = PBXFileReference; fileEncoding = 4; lastKnownFileType = sourcecode.c.h; path = ofxThread.h; sourceTree = "<group>"; };
		033CA52C12AC2AE8009F90F8 /* install.xml */ = {isa = PBXFileReference; fileEncoding = 4; lastKnownFileType = text.xml; path = install.xml; sourceTree = "<group>"; };
		033CA52E12AC2AE8009F90F8 /* ofxMatrix3x3.cpp */ = {isa = PBXFileReference; fileEncoding = 4; lastKnownFileType = sourcecode.cpp.cpp; path = ofxMatrix3x3.cpp; sourceTree = "<group>"; };
		033CA52F12AC2AE8009F90F8 /* ofxMatrix3x3.h */ = {isa = PBXFileReference; fileEncoding = 4; lastKnownFileType = sourcecode.c.h; path = ofxMatrix3x3.h; sourceTree = "<group>"; };
		033CA53012AC2AE8009F90F8 /* ofxMatrix4x4.cpp */ = {isa = PBXFileReference; fileEncoding = 4; lastKnownFileType = sourcecode.cpp.cpp; path = ofxMatrix4x4.cpp; sourceTree = "<group>"; };
		033CA53112AC2AE8009F90F8 /* ofxMatrix4x4.h */ = {isa = PBXFileReference; fileEncoding = 4; lastKnownFileType = sourcecode.c.h; path = ofxMatrix4x4.h; sourceTree = "<group>"; };
		033CA53212AC2AE8009F90F8 /* ofxPoint2f.h */ = {isa = PBXFileReference; fileEncoding = 4; lastKnownFileType = sourcecode.c.h; path = ofxPoint2f.h; sourceTree = "<group>"; };
		033CA53312AC2AE8009F90F8 /* ofxPoint3f.h */ = {isa = PBXFileReference; fileEncoding = 4; lastKnownFileType = sourcecode.c.h; path = ofxPoint3f.h; sourceTree = "<group>"; };
		033CA53412AC2AE8009F90F8 /* ofxPoint4f.h */ = {isa = PBXFileReference; fileEncoding = 4; lastKnownFileType = sourcecode.c.h; path = ofxPoint4f.h; sourceTree = "<group>"; };
		033CA53512AC2AE8009F90F8 /* ofxQuaternion.cpp */ = {isa = PBXFileReference; fileEncoding = 4; lastKnownFileType = sourcecode.cpp.cpp; path = ofxQuaternion.cpp; sourceTree = "<group>"; };
		033CA53612AC2AE8009F90F8 /* ofxQuaternion.h */ = {isa = PBXFileReference; fileEncoding = 4; lastKnownFileType = sourcecode.c.h; path = ofxQuaternion.h; sourceTree = "<group>"; };
		033CA53712AC2AE8009F90F8 /* ofxVec2f.h */ = {isa = PBXFileReference; fileEncoding = 4; lastKnownFileType = sourcecode.c.h; path = ofxVec2f.h; sourceTree = "<group>"; };
		033CA53812AC2AE8009F90F8 /* ofxVec3f.h */ = {isa = PBXFileReference; fileEncoding = 4; lastKnownFileType = sourcecode.c.h; path = ofxVec3f.h; sourceTree = "<group>"; };
		033CA53912AC2AE9009F90F8 /* ofxVec4f.h */ = {isa = PBXFileReference; fileEncoding = 4; lastKnownFileType = sourcecode.c.h; path = ofxVec4f.h; sourceTree = "<group>"; };
		033CA53A12AC2AE9009F90F8 /* ofxVectorMath.h */ = {isa = PBXFileReference; fileEncoding = 4; lastKnownFileType = sourcecode.c.h; path = ofxVectorMath.h; sourceTree = "<group>"; };
		033CA54112AC2BA7009F90F8 /* install.xml */ = {isa = PBXFileReference; fileEncoding = 4; lastKnownFileType = text.xml; path = install.xml; sourceTree = "<group>"; };
		033CA54512AC2BA7009F90F8 /* cv.h */ = {isa = PBXFileReference; fileEncoding = 4; lastKnownFileType = sourcecode.c.h; path = cv.h; sourceTree = "<group>"; };
		033CA54612AC2BA7009F90F8 /* cv.hpp */ = {isa = PBXFileReference; fileEncoding = 4; lastKnownFileType = sourcecode.cpp.h; path = cv.hpp; sourceTree = "<group>"; };
		033CA54712AC2BA7009F90F8 /* cvaux.h */ = {isa = PBXFileReference; fileEncoding = 4; lastKnownFileType = sourcecode.c.h; path = cvaux.h; sourceTree = "<group>"; };
		033CA54812AC2BA7009F90F8 /* cvaux.hpp */ = {isa = PBXFileReference; fileEncoding = 4; lastKnownFileType = sourcecode.cpp.h; path = cvaux.hpp; sourceTree = "<group>"; };
		033CA54912AC2BA7009F90F8 /* cvcompat.h */ = {isa = PBXFileReference; fileEncoding = 4; lastKnownFileType = sourcecode.c.h; path = cvcompat.h; sourceTree = "<group>"; };
		033CA54A12AC2BA7009F90F8 /* cvmat.hpp */ = {isa = PBXFileReference; fileEncoding = 4; lastKnownFileType = sourcecode.cpp.h; path = cvmat.hpp; sourceTree = "<group>"; };
		033CA54B12AC2BA7009F90F8 /* cvstreams.h */ = {isa = PBXFileReference; fileEncoding = 4; lastKnownFileType = sourcecode.c.h; path = cvstreams.h; sourceTree = "<group>"; };
		033CA54C12AC2BA7009F90F8 /* cvtypes.h */ = {isa = PBXFileReference; fileEncoding = 4; lastKnownFileType = sourcecode.c.h; path = cvtypes.h; sourceTree = "<group>"; };
		033CA54D12AC2BA7009F90F8 /* cvver.h */ = {isa = PBXFileReference; fileEncoding = 4; lastKnownFileType = sourcecode.c.h; path = cvver.h; sourceTree = "<group>"; };
		033CA54E12AC2BA7009F90F8 /* cvvidsurv.hpp */ = {isa = PBXFileReference; fileEncoding = 4; lastKnownFileType = sourcecode.cpp.h; path = cvvidsurv.hpp; sourceTree = "<group>"; };
		033CA54F12AC2BA7009F90F8 /* cvwimage.h */ = {isa = PBXFileReference; fileEncoding = 4; lastKnownFileType = sourcecode.c.h; path = cvwimage.h; sourceTree = "<group>"; };
		033CA55012AC2BA7009F90F8 /* cxcore.h */ = {isa = PBXFileReference; fileEncoding = 4; lastKnownFileType = sourcecode.c.h; path = cxcore.h; sourceTree = "<group>"; };
		033CA55112AC2BA8009F90F8 /* cxcore.hpp */ = {isa = PBXFileReference; fileEncoding = 4; lastKnownFileType = sourcecode.cpp.h; path = cxcore.hpp; sourceTree = "<group>"; };
		033CA55212AC2BA8009F90F8 /* cxerror.h */ = {isa = PBXFileReference; fileEncoding = 4; lastKnownFileType = sourcecode.c.h; path = cxerror.h; sourceTree = "<group>"; };
		033CA55312AC2BA8009F90F8 /* cxmisc.h */ = {isa = PBXFileReference; fileEncoding = 4; lastKnownFileType = sourcecode.c.h; path = cxmisc.h; sourceTree = "<group>"; };
		033CA55412AC2BA8009F90F8 /* cxtypes.h */ = {isa = PBXFileReference; fileEncoding = 4; lastKnownFileType = sourcecode.c.h; path = cxtypes.h; sourceTree = "<group>"; };
		033CA55712AC2BA8009F90F8 /* openCV.a */ = {isa = PBXFileReference; lastKnownFileType = archive.ar; path = openCV.a; sourceTree = "<group>"; };
		033CA55912AC2BA8009F90F8 /* ofxCvBlob.h */ = {isa = PBXFileReference; fileEncoding = 4; lastKnownFileType = sourcecode.c.h; path = ofxCvBlob.h; sourceTree = "<group>"; };
		033CA55A12AC2BA8009F90F8 /* ofxCvColorImage.cpp */ = {isa = PBXFileReference; fileEncoding = 4; lastKnownFileType = sourcecode.cpp.cpp; path = ofxCvColorImage.cpp; sourceTree = "<group>"; };
		033CA55B12AC2BA8009F90F8 /* ofxCvColorImage.h */ = {isa = PBXFileReference; fileEncoding = 4; lastKnownFileType = sourcecode.c.h; path = ofxCvColorImage.h; sourceTree = "<group>"; };
		033CA55C12AC2BA8009F90F8 /* ofxCvConstants.h */ = {isa = PBXFileReference; fileEncoding = 4; lastKnownFileType = sourcecode.c.h; path = ofxCvConstants.h; sourceTree = "<group>"; };
		033CA55D12AC2BA8009F90F8 /* ofxCvContourFinder.cpp */ = {isa = PBXFileReference; fileEncoding = 4; lastKnownFileType = sourcecode.cpp.cpp; path = ofxCvContourFinder.cpp; sourceTree = "<group>"; };
		033CA55E12AC2BA8009F90F8 /* ofxCvContourFinder.h */ = {isa = PBXFileReference; fileEncoding = 4; lastKnownFileType = sourcecode.c.h; path = ofxCvContourFinder.h; sourceTree = "<group>"; };
		033CA55F12AC2BA8009F90F8 /* ofxCvFloatImage.cpp */ = {isa = PBXFileReference; fileEncoding = 4; lastKnownFileType = sourcecode.cpp.cpp; path = ofxCvFloatImage.cpp; sourceTree = "<group>"; };
		033CA56012AC2BA8009F90F8 /* ofxCvFloatImage.h */ = {isa = PBXFileReference; fileEncoding = 4; lastKnownFileType = sourcecode.c.h; path = ofxCvFloatImage.h; sourceTree = "<group>"; };
		033CA56112AC2BA8009F90F8 /* ofxCvGrayscaleImage.cpp */ = {isa = PBXFileReference; fileEncoding = 4; lastKnownFileType = sourcecode.cpp.cpp; path = ofxCvGrayscaleImage.cpp; sourceTree = "<group>"; };
		033CA56212AC2BA8009F90F8 /* ofxCvGrayscaleImage.h */ = {isa = PBXFileReference; fileEncoding = 4; lastKnownFileType = sourcecode.c.h; path = ofxCvGrayscaleImage.h; sourceTree = "<group>"; };
		033CA56312AC2BA8009F90F8 /* ofxCvImage.cpp */ = {isa = PBXFileReference; fileEncoding = 4; lastKnownFileType = sourcecode.cpp.cpp; path = ofxCvImage.cpp; sourceTree = "<group>"; };
		033CA56412AC2BA8009F90F8 /* ofxCvImage.h */ = {isa = PBXFileReference; fileEncoding = 4; lastKnownFileType = sourcecode.c.h; path = ofxCvImage.h; sourceTree = "<group>"; };
		033CA56512AC2BA8009F90F8 /* ofxCvMain.h */ = {isa = PBXFileReference; fileEncoding = 4; lastKnownFileType = sourcecode.c.h; path = ofxCvMain.h; sourceTree = "<group>"; };
		033CA56612AC2BA8009F90F8 /* ofxCvShortImage.cpp */ = {isa = PBXFileReference; fileEncoding = 4; lastKnownFileType = sourcecode.cpp.cpp; path = ofxCvShortImage.cpp; sourceTree = "<group>"; };
		033CA56712AC2BA8009F90F8 /* ofxCvShortImage.h */ = {isa = PBXFileReference; fileEncoding = 4; lastKnownFileType = sourcecode.c.h; path = ofxCvShortImage.h; sourceTree = "<group>"; };
		033CA56812AC2BA8009F90F8 /* ofxOpenCv.h */ = {isa = PBXFileReference; fileEncoding = 4; lastKnownFileType = sourcecode.c.h; path = ofxOpenCv.h; sourceTree = "<group>"; };
		038C16E212D70E2400FD5C10 /* ofxRuiThread.cpp */ = {isa = PBXFileReference; fileEncoding = 4; lastKnownFileType = sourcecode.cpp.cpp; path = ofxRuiThread.cpp; sourceTree = "<group>"; };
		038C16E312D70E2400FD5C10 /* ofxRuiThread.h */ = {isa = PBXFileReference; fileEncoding = 4; lastKnownFileType = sourcecode.c.h; path = ofxRuiThread.h; sourceTree = "<group>"; };
		038C175512D70FA900FD5C10 /* CPUImageFilter.cpp */ = {isa = PBXFileReference; fileEncoding = 4; lastKnownFileType = sourcecode.cpp.cpp; path = CPUImageFilter.cpp; sourceTree = "<group>"; };
		038C175612D70FA900FD5C10 /* CPUImageFilter.h */ = {isa = PBXFileReference; fileEncoding = 4; lastKnownFileType = sourcecode.c.h; path = CPUImageFilter.h; sourceTree = "<group>"; };
		038C175712D70FA900FD5C10 /* ofxCvBlobTracker.cpp */ = {isa = PBXFileReference; fileEncoding = 4; lastKnownFileType = sourcecode.cpp.cpp; path = ofxCvBlobTracker.cpp; sourceTree = "<group>"; };
		038C175812D70FA900FD5C10 /* ofxCvBlobTracker.h */ = {isa = PBXFileReference; fileEncoding = 4; lastKnownFileType = sourcecode.c.h; path = ofxCvBlobTracker.h; sourceTree = "<group>"; };
		038C175912D70FA900FD5C10 /* ofxCvConstants_Track.h */ = {isa = PBXFileReference; fileEncoding = 4; lastKnownFileType = sourcecode.c.h; path = ofxCvConstants_Track.h; sourceTree = "<group>"; };
		038C175A12D70FA900FD5C10 /* ofxCvCoordWarping.cpp */ = {isa = PBXFileReference; fileEncoding = 4; lastKnownFileType = sourcecode.cpp.cpp; path = ofxCvCoordWarping.cpp; sourceTree = "<group>"; };
		038C175B12D70FA900FD5C10 /* ofxCvCoordWarping.h */ = {isa = PBXFileReference; fileEncoding = 4; lastKnownFileType = sourcecode.c.h; path = ofxCvCoordWarping.h; sourceTree = "<group>"; };
		038C175C12D70FA900FD5C10 /* ofxCvCoordWarpingGui.cpp */ = {isa = PBXFileReference; fileEncoding = 4; lastKnownFileType = sourcecode.cpp.cpp; path = ofxCvCoordWarpingGui.cpp; sourceTree = "<group>"; };
		038C175D12D70FA900FD5C10 /* ofxCvCoordWarpingGui.h */ = {isa = PBXFileReference; fileEncoding = 4; lastKnownFileType = sourcecode.c.h; path = ofxCvCoordWarpingGui.h; sourceTree = "<group>"; };
		038C175E12D70FA900FD5C10 /* ofxCvOpticalFlowLK.cpp */ = {isa = PBXFileReference; fileEncoding = 4; lastKnownFileType = sourcecode.cpp.cpp; path = ofxCvOpticalFlowLK.cpp; sourceTree = "<group>"; };
		038C175F12D70FA900FD5C10 /* ofxCvOpticalFlowLK.h */ = {isa = PBXFileReference; fileEncoding = 4; lastKnownFileType = sourcecode.c.h; path = ofxCvOpticalFlowLK.h; sourceTree = "<group>"; };
		038C176012D70FA900FD5C10 /* ofxCvTrackedBlob.h */ = {isa = PBXFileReference; fileEncoding = 4; lastKnownFileType = sourcecode.c.h; path = ofxCvTrackedBlob.h; sourceTree = "<group>"; };
		038C176212D70FA900FD5C10 /* changelog.txt */ = {isa = PBXFileReference; fileEncoding = 4; lastKnownFileType = text; path = changelog.txt; sourceTree = "<group>"; };
		038C176312D70FA900FD5C10 /* install.xml */ = {isa = PBXFileReference; fileEncoding = 4; lastKnownFileType = text.xml; path = install.xml; sourceTree = "<group>"; };
		038C176412D70FA900FD5C10 /* LICENSE.txt */ = {isa = PBXFileReference; fileEncoding = 4; lastKnownFileType = text; path = LICENSE.txt; sourceTree = "<group>"; };
		038C176712D70FA900FD5C10 /* ofxSimpleGuiButton.cpp */ = {isa = PBXFileReference; fileEncoding = 4; lastKnownFileType = sourcecode.cpp.cpp; path = ofxSimpleGuiButton.cpp; sourceTree = "<group>"; };
		038C176812D70FA900FD5C10 /* ofxSimpleGuiButton.h */ = {isa = PBXFileReference; fileEncoding = 4; lastKnownFileType = sourcecode.c.h; path = ofxSimpleGuiButton.h; sourceTree = "<group>"; };
		038C176912D70FA900FD5C10 /* ofxSimpleGuiColorPicker.cpp */ = {isa = PBXFileReference; fileEncoding = 4; lastKnownFileType = sourcecode.cpp.cpp; path = ofxSimpleGuiColorPicker.cpp; sourceTree = "<group>"; };
		038C176A12D70FA900FD5C10 /* ofxSimpleGuiColorPicker.h */ = {isa = PBXFileReference; fileEncoding = 4; lastKnownFileType = sourcecode.c.h; path = ofxSimpleGuiColorPicker.h; sourceTree = "<group>"; };
		038C176B12D70FA900FD5C10 /* ofxSimpleGuiComboBox.cpp */ = {isa = PBXFileReference; fileEncoding = 4; lastKnownFileType = sourcecode.cpp.cpp; path = ofxSimpleGuiComboBox.cpp; sourceTree = "<group>"; };
		038C176C12D70FA900FD5C10 /* ofxSimpleGuiComboBox.h */ = {isa = PBXFileReference; fileEncoding = 4; lastKnownFileType = sourcecode.c.h; path = ofxSimpleGuiComboBox.h; sourceTree = "<group>"; };
		038C176D12D70FA900FD5C10 /* ofxSimpleGuiContent.cpp */ = {isa = PBXFileReference; fileEncoding = 4; lastKnownFileType = sourcecode.cpp.cpp; path = ofxSimpleGuiContent.cpp; sourceTree = "<group>"; };
		038C176E12D70FA900FD5C10 /* ofxSimpleGuiContent.h */ = {isa = PBXFileReference; fileEncoding = 4; lastKnownFileType = sourcecode.c.h; path = ofxSimpleGuiContent.h; sourceTree = "<group>"; };
		038C176F12D70FA900FD5C10 /* ofxSimpleGuiFPSCounter.cpp */ = {isa = PBXFileReference; fileEncoding = 4; lastKnownFileType = sourcecode.cpp.cpp; path = ofxSimpleGuiFPSCounter.cpp; sourceTree = "<group>"; };
		038C177012D70FA900FD5C10 /* ofxSimpleGuiFPSCounter.h */ = {isa = PBXFileReference; fileEncoding = 4; lastKnownFileType = sourcecode.c.h; path = ofxSimpleGuiFPSCounter.h; sourceTree = "<group>"; };
		038C177112D70FA900FD5C10 /* ofxSimpleGuiMovieSlider.cpp */ = {isa = PBXFileReference; fileEncoding = 4; lastKnownFileType = sourcecode.cpp.cpp; path = ofxSimpleGuiMovieSlider.cpp; sourceTree = "<group>"; };
		038C177212D70FA900FD5C10 /* ofxSimpleGuiMovieSlider.h */ = {isa = PBXFileReference; fileEncoding = 4; lastKnownFileType = sourcecode.c.h; path = ofxSimpleGuiMovieSlider.h; sourceTree = "<group>"; };
		038C177312D70FA900FD5C10 /* ofxSimpleGuiQuadWarp.cpp */ = {isa = PBXFileReference; fileEncoding = 4; lastKnownFileType = sourcecode.cpp.cpp; path = ofxSimpleGuiQuadWarp.cpp; sourceTree = "<group>"; };
		038C177412D70FA900FD5C10 /* ofxSimpleGuiQuadWarp.h */ = {isa = PBXFileReference; fileEncoding = 4; lastKnownFileType = sourcecode.c.h; path = ofxSimpleGuiQuadWarp.h; sourceTree = "<group>"; };
		038C177512D70FA900FD5C10 /* ofxSimpleGuiSlider2d.cpp */ = {isa = PBXFileReference; fileEncoding = 4; lastKnownFileType = sourcecode.cpp.cpp; path = ofxSimpleGuiSlider2d.cpp; sourceTree = "<group>"; };
		038C177612D70FA900FD5C10 /* ofxSimpleGuiSlider2d.h */ = {isa = PBXFileReference; fileEncoding = 4; lastKnownFileType = sourcecode.c.h; path = ofxSimpleGuiSlider2d.h; sourceTree = "<group>"; };
		038C177712D70FA900FD5C10 /* ofxSimpleGuiSliderBase.h */ = {isa = PBXFileReference; fileEncoding = 4; lastKnownFileType = sourcecode.c.h; path = ofxSimpleGuiSliderBase.h; sourceTree = "<group>"; };
		038C177812D70FA900FD5C10 /* ofxSimpleGuiSliderFloat.h */ = {isa = PBXFileReference; fileEncoding = 4; lastKnownFileType = sourcecode.c.h; path = ofxSimpleGuiSliderFloat.h; sourceTree = "<group>"; };
		038C177912D70FA900FD5C10 /* ofxSimpleGuiSliderInt.h */ = {isa = PBXFileReference; fileEncoding = 4; lastKnownFileType = sourcecode.c.h; path = ofxSimpleGuiSliderInt.h; sourceTree = "<group>"; };
		038C177A12D70FA900FD5C10 /* ofxSimpleGuiTitle.cpp */ = {isa = PBXFileReference; fileEncoding = 4; lastKnownFileType = sourcecode.cpp.cpp; path = ofxSimpleGuiTitle.cpp; sourceTree = "<group>"; };
		038C177B12D70FA900FD5C10 /* ofxSimpleGuiTitle.h */ = {isa = PBXFileReference; fileEncoding = 4; lastKnownFileType = sourcecode.c.h; path = ofxSimpleGuiTitle.h; sourceTree = "<group>"; };
		038C177C12D70FA900FD5C10 /* ofxSimpleGuiToggle.cpp */ = {isa = PBXFileReference; fileEncoding = 4; lastKnownFileType = sourcecode.cpp.cpp; path = ofxSimpleGuiToggle.cpp; sourceTree = "<group>"; };
		038C177D12D70FA900FD5C10 /* ofxSimpleGuiToggle.h */ = {isa = PBXFileReference; fileEncoding = 4; lastKnownFileType = sourcecode.c.h; path = ofxSimpleGuiToggle.h; sourceTree = "<group>"; };
		038C177E12D70FA900FD5C10 /* ofxSimpleGuiConfig.cpp */ = {isa = PBXFileReference; fileEncoding = 4; lastKnownFileType = sourcecode.cpp.cpp; path = ofxSimpleGuiConfig.cpp; sourceTree = "<group>"; };
		038C177F12D70FA900FD5C10 /* ofxSimpleGuiConfig.h */ = {isa = PBXFileReference; fileEncoding = 4; lastKnownFileType = sourcecode.c.h; path = ofxSimpleGuiConfig.h; sourceTree = "<group>"; };
		038C178012D70FA900FD5C10 /* ofxSimpleGuiControl.cpp */ = {isa = PBXFileReference; fileEncoding = 4; lastKnownFileType = sourcecode.cpp.cpp; path = ofxSimpleGuiControl.cpp; sourceTree = "<group>"; };
		038C178112D70FA900FD5C10 /* ofxSimpleGuiControl.h */ = {isa = PBXFileReference; fileEncoding = 4; lastKnownFileType = sourcecode.c.h; path = ofxSimpleGuiControl.h; sourceTree = "<group>"; };
		038C178212D70FA900FD5C10 /* ofxSimpleGuiIncludes.h */ = {isa = PBXFileReference; fileEncoding = 4; lastKnownFileType = sourcecode.c.h; path = ofxSimpleGuiIncludes.h; sourceTree = "<group>"; };
		038C178312D70FA900FD5C10 /* ofxSimpleGuiPage.cpp */ = {isa = PBXFileReference; fileEncoding = 4; lastKnownFileType = sourcecode.cpp.cpp; path = ofxSimpleGuiPage.cpp; sourceTree = "<group>"; };
		038C178412D70FA900FD5C10 /* ofxSimpleGuiPage.h */ = {isa = PBXFileReference; fileEncoding = 4; lastKnownFileType = sourcecode.c.h; path = ofxSimpleGuiPage.h; sourceTree = "<group>"; };
		038C178512D70FA900FD5C10 /* ofxSimpleGuiToo.cpp */ = {isa = PBXFileReference; fileEncoding = 4; lastKnownFileType = sourcecode.cpp.cpp; path = ofxSimpleGuiToo.cpp; sourceTree = "<group>"; };
		038C178612D70FA900FD5C10 /* ofxSimpleGuiToo.h */ = {isa = PBXFileReference; fileEncoding = 4; lastKnownFileType = sourcecode.c.h; path = ofxSimpleGuiToo.h; sourceTree = "<group>"; };
		038C178712D70FA900FD5C10 /* ofxSimpleGuiValueControl.cpp */ = {isa = PBXFileReference; fileEncoding = 4; lastKnownFileType = sourcecode.cpp.cpp; path = ofxSimpleGuiValueControl.cpp; sourceTree = "<group>"; };
		038C178812D70FA900FD5C10 /* ofxSimpleGuiValueControl.h */ = {isa = PBXFileReference; fileEncoding = 4; lastKnownFileType = sourcecode.c.h; path = ofxSimpleGuiValueControl.h; sourceTree = "<group>"; };
		03CBFAD912D705B500AF40F5 /* cameras.c */ = {isa = PBXFileReference; fileEncoding = 4; lastKnownFileType = sourcecode.c.c; path = cameras.c; sourceTree = "<group>"; };
		03CBFADA12D705B500AF40F5 /* core.c */ = {isa = PBXFileReference; fileEncoding = 4; lastKnownFileType = sourcecode.c.c; path = core.c; sourceTree = "<group>"; };
		03CBFADB12D705B500AF40F5 /* freenect_internal.h */ = {isa = PBXFileReference; fileEncoding = 4; lastKnownFileType = sourcecode.c.h; path = freenect_internal.h; sourceTree = "<group>"; };
		03CBFADC12D705B500AF40F5 /* libfreenect.h */ = {isa = PBXFileReference; fileEncoding = 4; lastKnownFileType = sourcecode.c.h; path = libfreenect.h; sourceTree = "<group>"; };
		03CBFADD12D705B500AF40F5 /* libfreenect.hpp */ = {isa = PBXFileReference; fileEncoding = 4; lastKnownFileType = sourcecode.cpp.h; path = libfreenect.hpp; sourceTree = "<group>"; };
		03CBFADE12D705B500AF40F5 /* libfreenect.pc.in */ = {isa = PBXFileReference; fileEncoding = 4; lastKnownFileType = text; path = libfreenect.pc.in; sourceTree = "<group>"; };
		03CBFADF12D705B500AF40F5 /* tilt.c */ = {isa = PBXFileReference; fileEncoding = 4; lastKnownFileType = sourcecode.c.c; path = tilt.c; sourceTree = "<group>"; };
		03CBFAE012D705B500AF40F5 /* usb_libusb10.c */ = {isa = PBXFileReference; fileEncoding = 4; lastKnownFileType = sourcecode.c.c; path = usb_libusb10.c; sourceTree = "<group>"; };
		03CBFAE112D705B500AF40F5 /* usb_libusb10.h */ = {isa = PBXFileReference; fileEncoding = 4; lastKnownFileType = sourcecode.c.h; path = usb_libusb10.h; sourceTree = "<group>"; };
		03CBFAE612D705B500AF40F5 /* libusb.h */ = {isa = PBXFileReference; fileEncoding = 4; lastKnownFileType = sourcecode.c.h; path = libusb.h; sourceTree = "<group>"; };
		03CBFAE812D705B500AF40F5 /* usb-1.0.a */ = {isa = PBXFileReference; lastKnownFileType = archive.ar; path = "usb-1.0.a"; sourceTree = "<group>"; };
		03CBFAEA12D705B500AF40F5 /* ofxBase3DVideo.h */ = {isa = PBXFileReference; fileEncoding = 4; lastKnownFileType = sourcecode.c.h; path = ofxBase3DVideo.h; sourceTree = "<group>"; };
		03CBFAEB12D705B500AF40F5 /* ofxKinect.cpp */ = {isa = PBXFileReference; fileEncoding = 4; lastKnownFileType = sourcecode.cpp.cpp; path = ofxKinect.cpp; sourceTree = "<group>"; };
		03CBFAEC12D705B500AF40F5 /* ofxKinect.h */ = {isa = PBXFileReference; fileEncoding = 4; lastKnownFileType = sourcecode.c.h; path = ofxKinect.h; sourceTree = "<group>"; };
		03CBFAED12D705B500AF40F5 /* ofxKinectCalibration.cpp */ = {isa = PBXFileReference; fileEncoding = 4; lastKnownFileType = sourcecode.cpp.cpp; path = ofxKinectCalibration.cpp; sourceTree = "<group>"; };
		03CBFAEE12D705B500AF40F5 /* ofxKinectCalibration.h */ = {isa = PBXFileReference; fileEncoding = 4; lastKnownFileType = sourcecode.c.h; path = ofxKinectCalibration.h; sourceTree = "<group>"; };
		03CBFAEF12D705B500AF40F5 /* ofxKinectPlayer.cpp */ = {isa = PBXFileReference; fileEncoding = 4; lastKnownFileType = sourcecode.cpp.cpp; path = ofxKinectPlayer.cpp; sourceTree = "<group>"; };
		03CBFAF012D705B500AF40F5 /* ofxKinectPlayer.h */ = {isa = PBXFileReference; fileEncoding = 4; lastKnownFileType = sourcecode.c.h; path = ofxKinectPlayer.h; sourceTree = "<group>"; };
		03CBFAF112D705B500AF40F5 /* ofxKinectRecorder.cpp */ = {isa = PBXFileReference; fileEncoding = 4; lastKnownFileType = sourcecode.cpp.cpp; path = ofxKinectRecorder.cpp; sourceTree = "<group>"; };
		03CBFAF212D705B500AF40F5 /* ofxKinectRecorder.h */ = {isa = PBXFileReference; fileEncoding = 4; lastKnownFileType = sourcecode.c.h; path = ofxKinectRecorder.h; sourceTree = "<group>"; };
		E45BE0390E8CC647009D7055 /* FreeImage.h */ = {isa = PBXFileReference; fileEncoding = 4; lastKnownFileType = sourcecode.c.h; name = FreeImage.h; path = ../../../libs/freeimage/include/FreeImage.h; sourceTree = SOURCE_ROOT; };
		E45BE03F0E8CC650009D7055 /* fmod.h */ = {isa = PBXFileReference; fileEncoding = 4; lastKnownFileType = sourcecode.c.h; name = fmod.h; path = ../../../libs/fmodex/include/fmod.h; sourceTree = SOURCE_ROOT; };
		E45BE0400E8CC650009D7055 /* fmod.hpp */ = {isa = PBXFileReference; fileEncoding = 4; lastKnownFileType = sourcecode.cpp.h; name = fmod.hpp; path = ../../../libs/fmodex/include/fmod.hpp; sourceTree = SOURCE_ROOT; };
		E45BE0410E8CC650009D7055 /* fmod_codec.h */ = {isa = PBXFileReference; fileEncoding = 4; lastKnownFileType = sourcecode.c.h; name = fmod_codec.h; path = ../../../libs/fmodex/include/fmod_codec.h; sourceTree = SOURCE_ROOT; };
		E45BE0420E8CC650009D7055 /* fmod_dsp.h */ = {isa = PBXFileReference; fileEncoding = 4; lastKnownFileType = sourcecode.c.h; name = fmod_dsp.h; path = ../../../libs/fmodex/include/fmod_dsp.h; sourceTree = SOURCE_ROOT; };
		E45BE0430E8CC650009D7055 /* fmod_errors.h */ = {isa = PBXFileReference; fileEncoding = 4; lastKnownFileType = sourcecode.c.h; name = fmod_errors.h; path = ../../../libs/fmodex/include/fmod_errors.h; sourceTree = SOURCE_ROOT; };
		E45BE0440E8CC650009D7055 /* fmod_output.h */ = {isa = PBXFileReference; fileEncoding = 4; lastKnownFileType = sourcecode.c.h; name = fmod_output.h; path = ../../../libs/fmodex/include/fmod_output.h; sourceTree = SOURCE_ROOT; };
		E45BE0A70E8CC67C009D7055 /* GLee.h */ = {isa = PBXFileReference; fileEncoding = 4; lastKnownFileType = sourcecode.c.h; name = GLee.h; path = ../../../libs/GLee/include/GLee.h; sourceTree = SOURCE_ROOT; };
		E45BE0A90E8CC67C009D7055 /* GLee.a */ = {isa = PBXFileReference; lastKnownFileType = archive.ar; name = GLee.a; path = ../../../libs/GLee/lib/osx/GLee.a; sourceTree = SOURCE_ROOT; };
		E45BE2E00E8CC69C009D7055 /* RtAudio.h */ = {isa = PBXFileReference; fileEncoding = 4; lastKnownFileType = sourcecode.c.h; name = RtAudio.h; path = ../../../libs/rtAudio/include/RtAudio.h; sourceTree = SOURCE_ROOT; };
		E45BE2E10E8CC69C009D7055 /* RtError.h */ = {isa = PBXFileReference; fileEncoding = 4; lastKnownFileType = sourcecode.c.h; name = RtError.h; path = ../../../libs/rtAudio/include/RtError.h; sourceTree = SOURCE_ROOT; };
		E45BE2E30E8CC69C009D7055 /* rtAudio.a */ = {isa = PBXFileReference; lastKnownFileType = archive.ar; name = rtAudio.a; path = ../../../libs/rtAudio/lib/osx/rtAudio.a; sourceTree = SOURCE_ROOT; };
		E45BE9710E8CC7DD009D7055 /* AGL.framework */ = {isa = PBXFileReference; lastKnownFileType = wrapper.framework; name = AGL.framework; path = /System/Library/Frameworks/AGL.framework; sourceTree = "<absolute>"; };
		E45BE9720E8CC7DD009D7055 /* ApplicationServices.framework */ = {isa = PBXFileReference; lastKnownFileType = wrapper.framework; name = ApplicationServices.framework; path = /System/Library/Frameworks/ApplicationServices.framework; sourceTree = "<absolute>"; };
		E45BE9730E8CC7DD009D7055 /* AudioToolbox.framework */ = {isa = PBXFileReference; lastKnownFileType = wrapper.framework; name = AudioToolbox.framework; path = /System/Library/Frameworks/AudioToolbox.framework; sourceTree = "<absolute>"; };
		E45BE9740E8CC7DD009D7055 /* Carbon.framework */ = {isa = PBXFileReference; lastKnownFileType = wrapper.framework; name = Carbon.framework; path = /System/Library/Frameworks/Carbon.framework; sourceTree = "<absolute>"; };
		E45BE9750E8CC7DD009D7055 /* CoreAudio.framework */ = {isa = PBXFileReference; lastKnownFileType = wrapper.framework; name = CoreAudio.framework; path = /System/Library/Frameworks/CoreAudio.framework; sourceTree = "<absolute>"; };
		E45BE9760E8CC7DD009D7055 /* CoreFoundation.framework */ = {isa = PBXFileReference; lastKnownFileType = wrapper.framework; name = CoreFoundation.framework; path = /System/Library/Frameworks/CoreFoundation.framework; sourceTree = "<absolute>"; };
		E45BE9770E8CC7DD009D7055 /* CoreServices.framework */ = {isa = PBXFileReference; lastKnownFileType = wrapper.framework; name = CoreServices.framework; path = /System/Library/Frameworks/CoreServices.framework; sourceTree = "<absolute>"; };
		E45BE9790E8CC7DD009D7055 /* OpenGL.framework */ = {isa = PBXFileReference; lastKnownFileType = wrapper.framework; name = OpenGL.framework; path = /System/Library/Frameworks/OpenGL.framework; sourceTree = "<absolute>"; };
		E45BE97A0E8CC7DD009D7055 /* QuickTime.framework */ = {isa = PBXFileReference; lastKnownFileType = wrapper.framework; name = QuickTime.framework; path = /System/Library/Frameworks/QuickTime.framework; sourceTree = "<absolute>"; };
		E4B69B5B0A3A1756003C02F2 /* ofxKinect_triangle.app */ = {isa = PBXFileReference; explicitFileType = wrapper.application; includeInIndex = 0; path = ofxKinect_triangle.app; sourceTree = BUILT_PRODUCTS_DIR; };
		E4B69E1D0A3A1BDC003C02F2 /* main.cpp */ = {isa = PBXFileReference; fileEncoding = 30; lastKnownFileType = sourcecode.cpp.cpp; name = main.cpp; path = src/main.cpp; sourceTree = SOURCE_ROOT; };
		E4B6FCAD0C3E899E008CF71C /* openFrameworks-Info.plist */ = {isa = PBXFileReference; fileEncoding = 30; lastKnownFileType = text.plist.xml; path = "openFrameworks-Info.plist"; sourceTree = "<group>"; };
		E4C2421610CC549C004149E2 /* openFrameworksLib.xcodeproj */ = {isa = PBXFileReference; lastKnownFileType = "wrapper.pb-project"; name = openFrameworksLib.xcodeproj; path = ../../../libs/openFrameworksCompiled/project/osx/openFrameworksLib.xcodeproj; sourceTree = SOURCE_ROOT; };
		E4C2424410CC5A17004149E2 /* AppKit.framework */ = {isa = PBXFileReference; lastKnownFileType = wrapper.framework; name = AppKit.framework; path = /System/Library/Frameworks/AppKit.framework; sourceTree = "<absolute>"; };
		E4C2424510CC5A17004149E2 /* Cocoa.framework */ = {isa = PBXFileReference; lastKnownFileType = wrapper.framework; name = Cocoa.framework; path = /System/Library/Frameworks/Cocoa.framework; sourceTree = "<absolute>"; };
		E4C2424610CC5A17004149E2 /* IOKit.framework */ = {isa = PBXFileReference; lastKnownFileType = wrapper.framework; name = IOKit.framework; path = /System/Library/Frameworks/IOKit.framework; sourceTree = "<absolute>"; };
		E4C2425F10CC5A78004149E2 /* GLUT.framework */ = {isa = PBXFileReference; lastKnownFileType = wrapper.framework; name = GLUT.framework; path = ../../../libs/glut/lib/osx/GLUT.framework; sourceTree = SOURCE_ROOT; };
		E4C2427A10CC5B66004149E2 /* CppUnit.a */ = {isa = PBXFileReference; lastKnownFileType = archive.ar; name = CppUnit.a; path = ../../../libs/poco/lib/osx/CppUnit.a; sourceTree = SOURCE_ROOT; };
		E4C2427B10CC5B66004149E2 /* PocoFoundation.a */ = {isa = PBXFileReference; lastKnownFileType = archive.ar; name = PocoFoundation.a; path = ../../../libs/poco/lib/osx/PocoFoundation.a; sourceTree = SOURCE_ROOT; };
		E4C2427C10CC5B66004149E2 /* PocoNet.a */ = {isa = PBXFileReference; lastKnownFileType = archive.ar; name = PocoNet.a; path = ../../../libs/poco/lib/osx/PocoNet.a; sourceTree = SOURCE_ROOT; };
		E4C2427D10CC5B66004149E2 /* PocoUtil.a */ = {isa = PBXFileReference; lastKnownFileType = archive.ar; name = PocoUtil.a; path = ../../../libs/poco/lib/osx/PocoUtil.a; sourceTree = SOURCE_ROOT; };
		E4C2427E10CC5B66004149E2 /* PocoXML.a */ = {isa = PBXFileReference; lastKnownFileType = archive.ar; name = PocoXML.a; path = ../../../libs/poco/lib/osx/PocoXML.a; sourceTree = SOURCE_ROOT; };
		E4C2429310CC5C38004149E2 /* freetype.a */ = {isa = PBXFileReference; lastKnownFileType = archive.ar; name = freetype.a; path = ../../../libs/freetype/lib/osx/freetype.a; sourceTree = SOURCE_ROOT; };
		E4C242CC10CC650E004149E2 /* libfmodex.dylib */ = {isa = PBXFileReference; lastKnownFileType = "compiled.mach-o.dylib"; name = libfmodex.dylib; path = ../../../libs/fmodex/lib/osx/libfmodex.dylib; sourceTree = SOURCE_ROOT; };
		E4C246D910CCAE22004149E2 /* freeimage.a */ = {isa = PBXFileReference; lastKnownFileType = archive.ar; name = freeimage.a; path = ../../../libs/FreeImage/lib/osx/freeimage.a; sourceTree = SOURCE_ROOT; };
/* End PBXFileReference section */

/* Begin PBXFrameworksBuildPhase section */
		E4B69B590A3A1756003C02F2 /* Frameworks */ = {
			isa = PBXFrameworksBuildPhase;
			buildActionMask = 2147483647;
			files = (
				E4C2422B10CC554B004149E2 /* openFrameworks.a in Frameworks */,
				E45BE0AA0E8CC67C009D7055 /* GLee.a in Frameworks */,
				E45BE2E40E8CC69C009D7055 /* rtAudio.a in Frameworks */,
				E45BE97B0E8CC7DD009D7055 /* AGL.framework in Frameworks */,
				E45BE97C0E8CC7DD009D7055 /* ApplicationServices.framework in Frameworks */,
				E45BE97D0E8CC7DD009D7055 /* AudioToolbox.framework in Frameworks */,
				E45BE97E0E8CC7DD009D7055 /* Carbon.framework in Frameworks */,
				E45BE97F0E8CC7DD009D7055 /* CoreAudio.framework in Frameworks */,
				E45BE9800E8CC7DD009D7055 /* CoreFoundation.framework in Frameworks */,
				E45BE9810E8CC7DD009D7055 /* CoreServices.framework in Frameworks */,
				E45BE9830E8CC7DD009D7055 /* OpenGL.framework in Frameworks */,
				E45BE9840E8CC7DD009D7055 /* QuickTime.framework in Frameworks */,
				E4C2424710CC5A17004149E2 /* AppKit.framework in Frameworks */,
				E4C2424810CC5A17004149E2 /* Cocoa.framework in Frameworks */,
				E4C2424910CC5A17004149E2 /* IOKit.framework in Frameworks */,
				E4C2426610CC5A78004149E2 /* GLUT.framework in Frameworks */,
				E4C2427F10CC5B66004149E2 /* CppUnit.a in Frameworks */,
				E4C2428010CC5B66004149E2 /* PocoFoundation.a in Frameworks */,
				E4C2428110CC5B66004149E2 /* PocoNet.a in Frameworks */,
				E4C2428210CC5B66004149E2 /* PocoUtil.a in Frameworks */,
				E4C2428310CC5B66004149E2 /* PocoXML.a in Frameworks */,
				E4C2429410CC5C38004149E2 /* freetype.a in Frameworks */,
				E4C242CD10CC650E004149E2 /* libfmodex.dylib in Frameworks */,
				E4C246DA10CCAE22004149E2 /* freeimage.a in Frameworks */,
				033CA56912AC2BA8009F90F8 /* openCV.a in Frameworks */,
				03CBFAF712D705B500AF40F5 /* usb-1.0.a in Frameworks */,
			);
			runOnlyForDeploymentPostprocessing = 0;
		};
/* End PBXFrameworksBuildPhase section */

/* Begin PBXGroup section */
		0321590B12AC83F100A73397 /* computerVisionUtils */ = {
			isa = PBXGroup;
			children = (
				0321590C12AC83F100A73397 /* contourSimplify.cpp */,
				0321590D12AC83F100A73397 /* contourSimplify.h */,
				0321590E12AC83F100A73397 /* convexHull.h */,
				0321590F12AC83F100A73397 /* polylineSimplify.h */,
			);
			name = computerVisionUtils;
			path = addons/computerVisionUtils;
			sourceTree = "<group>";
		};
		0321592612AC83F100A73397 /* ofxMSAInteractiveObject */ = {
			isa = PBXGroup;
			children = (
				0321592712AC83F100A73397 /* changelog.txt */,
				0321592812AC83F100A73397 /* install.xml */,
				0321592912AC83F100A73397 /* LICENSE.txt */,
				0321592A12AC83F100A73397 /* src */,
			);
			name = ofxMSAInteractiveObject;
			path = addons/ofxMSAInteractiveObject;
			sourceTree = "<group>";
		};
		0321592A12AC83F100A73397 /* src */ = {
			isa = PBXGroup;
			children = (
				0321592B12AC83F100A73397 /* ofxMSAInteractiveObject.cpp */,
				0321592C12AC83F100A73397 /* ofxMSAInteractiveObject.h */,
			);
			path = src;
			sourceTree = "<group>";
		};
		0321592D12AC83F100A73397 /* ofxTriangle */ = {
			isa = PBXGroup;
			children = (
				0321592E12AC83F100A73397 /* example */,
				0321593212AC83F100A73397 /* include */,
				0321593812AC83F100A73397 /* lib */,
				0321593C12AC83F100A73397 /* src */,
			);
			name = ofxTriangle;
			path = addons/ofxTriangle;
			sourceTree = "<group>";
		};
		0321592E12AC83F100A73397 /* example */ = {
			isa = PBXGroup;
			children = (
				0321592F12AC83F100A73397 /* main.cpp */,
				0321593012AC83F100A73397 /* testApp.cpp */,
				0321593112AC83F100A73397 /* testApp.h */,
			);
			path = example;
			sourceTree = "<group>";
		};
		0321593212AC83F100A73397 /* include */ = {
			isa = PBXGroup;
			children = (
				0321593312AC83F100A73397 /* assert.hpp */,
				0321593412AC83F100A73397 /* del_interface.hpp */,
				0321593512AC83F100A73397 /* dpoint.hpp */,
				0321593612AC83F100A73397 /* triangle.h */,
				0321593712AC83F100A73397 /* triangle_impl.hpp */,
			);
			path = include;
			sourceTree = "<group>";
		};
		0321593812AC83F100A73397 /* lib */ = {
			isa = PBXGroup;
			children = (
				0321593912AC83F100A73397 /* Triangle */,
			);
			path = lib;
			sourceTree = "<group>";
		};
		0321593912AC83F100A73397 /* Triangle */ = {
			isa = PBXGroup;
			children = (
				0321593A12AC83F100A73397 /* assert.cpp */,
				0321593B12AC83F100A73397 /* del_impl.cpp */,
			);
			path = Triangle;
			sourceTree = "<group>";
		};
		0321593C12AC83F100A73397 /* src */ = {
			isa = PBXGroup;
			children = (
				0321593D12AC83F100A73397 /* ofxTriangle.cpp */,
				0321593E12AC83F100A73397 /* ofxTriangle.h */,
			);
			path = src;
			sourceTree = "<group>";
		};
		033CA4D912AC2AAE009F90F8 /* ofxXmlSettings */ = {
			isa = PBXGroup;
			children = (
				033CA4DA12AC2AAE009F90F8 /* install.xml */,
				033CA4DB12AC2AAE009F90F8 /* libs */,
				033CA4E012AC2AAE009F90F8 /* src */,
			);
			name = ofxXmlSettings;
			path = ../../../addons/ofxXmlSettings;
			sourceTree = SOURCE_ROOT;
		};
		033CA4DB12AC2AAE009F90F8 /* libs */ = {
			isa = PBXGroup;
			children = (
				033CA4DC12AC2AAE009F90F8 /* tinyxml.cpp */,
				033CA4DD12AC2AAE009F90F8 /* tinyxml.h */,
				033CA4DE12AC2AAE009F90F8 /* tinyxmlerror.cpp */,
				033CA4DF12AC2AAE009F90F8 /* tinyxmlparser.cpp */,
			);
			path = libs;
			sourceTree = "<group>";
		};
		033CA4E012AC2AAE009F90F8 /* src */ = {
			isa = PBXGroup;
			children = (
				033CA4E112AC2AAE009F90F8 /* ofxXmlSettings.cpp */,
				033CA4E212AC2AAE009F90F8 /* ofxXmlSettings.h */,
			);
			path = src;
			sourceTree = "<group>";
		};
		033CA52412AC2AE1009F90F8 /* ofxThread */ = {
			isa = PBXGroup;
			children = (
				033CA52512AC2AE1009F90F8 /* docs */,
				033CA52712AC2AE1009F90F8 /* src */,
			);
			name = ofxThread;
			path = ../../../addons/ofxThread;
			sourceTree = SOURCE_ROOT;
		};
		033CA52512AC2AE1009F90F8 /* docs */ = {
			isa = PBXGroup;
			children = (
				033CA52612AC2AE1009F90F8 /* Instructions.txt */,
			);
			path = docs;
			sourceTree = "<group>";
		};
		033CA52712AC2AE1009F90F8 /* src */ = {
			isa = PBXGroup;
			children = (
				033CA52812AC2AE1009F90F8 /* ofxThread.cpp */,
				033CA52912AC2AE1009F90F8 /* ofxThread.h */,
			);
			path = src;
			sourceTree = "<group>";
		};
		033CA52B12AC2AE8009F90F8 /* ofxVectorMath */ = {
			isa = PBXGroup;
			children = (
				033CA52C12AC2AE8009F90F8 /* install.xml */,
				033CA52D12AC2AE8009F90F8 /* src */,
			);
			name = ofxVectorMath;
			path = ../../../addons/ofxVectorMath;
			sourceTree = SOURCE_ROOT;
		};
		033CA52D12AC2AE8009F90F8 /* src */ = {
			isa = PBXGroup;
			children = (
				033CA52E12AC2AE8009F90F8 /* ofxMatrix3x3.cpp */,
				033CA52F12AC2AE8009F90F8 /* ofxMatrix3x3.h */,
				033CA53012AC2AE8009F90F8 /* ofxMatrix4x4.cpp */,
				033CA53112AC2AE8009F90F8 /* ofxMatrix4x4.h */,
				033CA53212AC2AE8009F90F8 /* ofxPoint2f.h */,
				033CA53312AC2AE8009F90F8 /* ofxPoint3f.h */,
				033CA53412AC2AE8009F90F8 /* ofxPoint4f.h */,
				033CA53512AC2AE8009F90F8 /* ofxQuaternion.cpp */,
				033CA53612AC2AE8009F90F8 /* ofxQuaternion.h */,
				033CA53712AC2AE8009F90F8 /* ofxVec2f.h */,
				033CA53812AC2AE8009F90F8 /* ofxVec3f.h */,
				033CA53912AC2AE9009F90F8 /* ofxVec4f.h */,
				033CA53A12AC2AE9009F90F8 /* ofxVectorMath.h */,
			);
			path = src;
			sourceTree = "<group>";
		};
		033CA54012AC2BA7009F90F8 /* ofxOpenCv */ = {
			isa = PBXGroup;
			children = (
				033CA54112AC2BA7009F90F8 /* install.xml */,
				033CA54212AC2BA7009F90F8 /* libs */,
				033CA55812AC2BA8009F90F8 /* src */,
			);
			name = ofxOpenCv;
			path = ../../../addons/ofxOpenCv;
			sourceTree = SOURCE_ROOT;
		};
		033CA54212AC2BA7009F90F8 /* libs */ = {
			isa = PBXGroup;
			children = (
				033CA54312AC2BA7009F90F8 /* opencv */,
			);
			path = libs;
			sourceTree = "<group>";
		};
		033CA54312AC2BA7009F90F8 /* opencv */ = {
			isa = PBXGroup;
			children = (
				033CA54412AC2BA7009F90F8 /* include */,
				033CA55512AC2BA8009F90F8 /* lib */,
			);
			path = opencv;
			sourceTree = "<group>";
		};
		033CA54412AC2BA7009F90F8 /* include */ = {
			isa = PBXGroup;
			children = (
				033CA54512AC2BA7009F90F8 /* cv.h */,
				033CA54612AC2BA7009F90F8 /* cv.hpp */,
				033CA54712AC2BA7009F90F8 /* cvaux.h */,
				033CA54812AC2BA7009F90F8 /* cvaux.hpp */,
				033CA54912AC2BA7009F90F8 /* cvcompat.h */,
				033CA54A12AC2BA7009F90F8 /* cvmat.hpp */,
				033CA54B12AC2BA7009F90F8 /* cvstreams.h */,
				033CA54C12AC2BA7009F90F8 /* cvtypes.h */,
				033CA54D12AC2BA7009F90F8 /* cvver.h */,
				033CA54E12AC2BA7009F90F8 /* cvvidsurv.hpp */,
				033CA54F12AC2BA7009F90F8 /* cvwimage.h */,
				033CA55012AC2BA7009F90F8 /* cxcore.h */,
				033CA55112AC2BA8009F90F8 /* cxcore.hpp */,
				033CA55212AC2BA8009F90F8 /* cxerror.h */,
				033CA55312AC2BA8009F90F8 /* cxmisc.h */,
				033CA55412AC2BA8009F90F8 /* cxtypes.h */,
			);
			path = include;
			sourceTree = "<group>";
		};
		033CA55512AC2BA8009F90F8 /* lib */ = {
			isa = PBXGroup;
			children = (
				033CA55612AC2BA8009F90F8 /* osx */,
			);
			path = lib;
			sourceTree = "<group>";
		};
		033CA55612AC2BA8009F90F8 /* osx */ = {
			isa = PBXGroup;
			children = (
				033CA55712AC2BA8009F90F8 /* openCV.a */,
			);
			path = osx;
			sourceTree = "<group>";
		};
		033CA55812AC2BA8009F90F8 /* src */ = {
			isa = PBXGroup;
			children = (
				033CA55912AC2BA8009F90F8 /* ofxCvBlob.h */,
				033CA55A12AC2BA8009F90F8 /* ofxCvColorImage.cpp */,
				033CA55B12AC2BA8009F90F8 /* ofxCvColorImage.h */,
				033CA55C12AC2BA8009F90F8 /* ofxCvConstants.h */,
				033CA55D12AC2BA8009F90F8 /* ofxCvContourFinder.cpp */,
				033CA55E12AC2BA8009F90F8 /* ofxCvContourFinder.h */,
				033CA55F12AC2BA8009F90F8 /* ofxCvFloatImage.cpp */,
				033CA56012AC2BA8009F90F8 /* ofxCvFloatImage.h */,
				033CA56112AC2BA8009F90F8 /* ofxCvGrayscaleImage.cpp */,
				033CA56212AC2BA8009F90F8 /* ofxCvGrayscaleImage.h */,
				033CA56312AC2BA8009F90F8 /* ofxCvImage.cpp */,
				033CA56412AC2BA8009F90F8 /* ofxCvImage.h */,
				033CA56512AC2BA8009F90F8 /* ofxCvMain.h */,
				033CA56612AC2BA8009F90F8 /* ofxCvShortImage.cpp */,
				033CA56712AC2BA8009F90F8 /* ofxCvShortImage.h */,
				033CA56812AC2BA8009F90F8 /* ofxOpenCv.h */,
			);
			path = src;
			sourceTree = "<group>";
		};
		038C175312D70FA900FD5C10 /* ofxOpenCVExtensions */ = {
			isa = PBXGroup;
			children = (
				038C175412D70FA900FD5C10 /* src */,
			);
			name = ofxOpenCVExtensions;
			path = addons/ofxOpenCVExtensions;
			sourceTree = "<group>";
		};
		038C175412D70FA900FD5C10 /* src */ = {
			isa = PBXGroup;
			children = (
				038C175512D70FA900FD5C10 /* CPUImageFilter.cpp */,
				038C175612D70FA900FD5C10 /* CPUImageFilter.h */,
				038C175712D70FA900FD5C10 /* ofxCvBlobTracker.cpp */,
				038C175812D70FA900FD5C10 /* ofxCvBlobTracker.h */,
				038C175912D70FA900FD5C10 /* ofxCvConstants_Track.h */,
				038C175A12D70FA900FD5C10 /* ofxCvCoordWarping.cpp */,
				038C175B12D70FA900FD5C10 /* ofxCvCoordWarping.h */,
				038C175C12D70FA900FD5C10 /* ofxCvCoordWarpingGui.cpp */,
				038C175D12D70FA900FD5C10 /* ofxCvCoordWarpingGui.h */,
				038C175E12D70FA900FD5C10 /* ofxCvOpticalFlowLK.cpp */,
				038C175F12D70FA900FD5C10 /* ofxCvOpticalFlowLK.h */,
				038C176012D70FA900FD5C10 /* ofxCvTrackedBlob.h */,
			);
			path = src;
			sourceTree = "<group>";
		};
		038C176112D70FA900FD5C10 /* ofxSimpleGuiToo */ = {
			isa = PBXGroup;
			children = (
				038C176212D70FA900FD5C10 /* changelog.txt */,
				038C176312D70FA900FD5C10 /* install.xml */,
				038C176412D70FA900FD5C10 /* LICENSE.txt */,
				038C176512D70FA900FD5C10 /* src */,
			);
			name = ofxSimpleGuiToo;
			path = addons/ofxSimpleGuiToo;
			sourceTree = "<group>";
		};
		038C176512D70FA900FD5C10 /* src */ = {
			isa = PBXGroup;
			children = (
				038C176612D70FA900FD5C10 /* Controls */,
				038C177E12D70FA900FD5C10 /* ofxSimpleGuiConfig.cpp */,
				038C177F12D70FA900FD5C10 /* ofxSimpleGuiConfig.h */,
				038C178012D70FA900FD5C10 /* ofxSimpleGuiControl.cpp */,
				038C178112D70FA900FD5C10 /* ofxSimpleGuiControl.h */,
				038C178212D70FA900FD5C10 /* ofxSimpleGuiIncludes.h */,
				038C178312D70FA900FD5C10 /* ofxSimpleGuiPage.cpp */,
				038C178412D70FA900FD5C10 /* ofxSimpleGuiPage.h */,
				038C178512D70FA900FD5C10 /* ofxSimpleGuiToo.cpp */,
				038C178612D70FA900FD5C10 /* ofxSimpleGuiToo.h */,
				038C178712D70FA900FD5C10 /* ofxSimpleGuiValueControl.cpp */,
				038C178812D70FA900FD5C10 /* ofxSimpleGuiValueControl.h */,
			);
			path = src;
			sourceTree = "<group>";
		};
		038C176612D70FA900FD5C10 /* Controls */ = {
			isa = PBXGroup;
			children = (
				038C176712D70FA900FD5C10 /* ofxSimpleGuiButton.cpp */,
				038C176812D70FA900FD5C10 /* ofxSimpleGuiButton.h */,
				038C176912D70FA900FD5C10 /* ofxSimpleGuiColorPicker.cpp */,
				038C176A12D70FA900FD5C10 /* ofxSimpleGuiColorPicker.h */,
				038C176B12D70FA900FD5C10 /* ofxSimpleGuiComboBox.cpp */,
				038C176C12D70FA900FD5C10 /* ofxSimpleGuiComboBox.h */,
				038C176D12D70FA900FD5C10 /* ofxSimpleGuiContent.cpp */,
				038C176E12D70FA900FD5C10 /* ofxSimpleGuiContent.h */,
				038C176F12D70FA900FD5C10 /* ofxSimpleGuiFPSCounter.cpp */,
				038C177012D70FA900FD5C10 /* ofxSimpleGuiFPSCounter.h */,
				038C177112D70FA900FD5C10 /* ofxSimpleGuiMovieSlider.cpp */,
				038C177212D70FA900FD5C10 /* ofxSimpleGuiMovieSlider.h */,
				038C177312D70FA900FD5C10 /* ofxSimpleGuiQuadWarp.cpp */,
				038C177412D70FA900FD5C10 /* ofxSimpleGuiQuadWarp.h */,
				038C177512D70FA900FD5C10 /* ofxSimpleGuiSlider2d.cpp */,
				038C177612D70FA900FD5C10 /* ofxSimpleGuiSlider2d.h */,
				038C177712D70FA900FD5C10 /* ofxSimpleGuiSliderBase.h */,
				038C177812D70FA900FD5C10 /* ofxSimpleGuiSliderFloat.h */,
				038C177912D70FA900FD5C10 /* ofxSimpleGuiSliderInt.h */,
				038C177A12D70FA900FD5C10 /* ofxSimpleGuiTitle.cpp */,
				038C177B12D70FA900FD5C10 /* ofxSimpleGuiTitle.h */,
				038C177C12D70FA900FD5C10 /* ofxSimpleGuiToggle.cpp */,
				038C177D12D70FA900FD5C10 /* ofxSimpleGuiToggle.h */,
			);
			path = Controls;
			sourceTree = "<group>";
		};
		03CBFAD612D705B500AF40F5 /* ofxKinect */ = {
			isa = PBXGroup;
			children = (
				03CBFAD712D705B500AF40F5 /* libs */,
				03CBFAE912D705B500AF40F5 /* src */,
			);
			name = ofxKinect;
			path = addons/ofxKinect;
			sourceTree = "<group>";
		};
		03CBFAD712D705B500AF40F5 /* libs */ = {
			isa = PBXGroup;
			children = (
				03CBFAD812D705B500AF40F5 /* libfreenect */,
				03CBFAE212D705B500AF40F5 /* libusb */,
			);
			path = libs;
			sourceTree = "<group>";
		};
		03CBFAD812D705B500AF40F5 /* libfreenect */ = {
			isa = PBXGroup;
			children = (
				03CBFAD912D705B500AF40F5 /* cameras.c */,
				03CBFADA12D705B500AF40F5 /* core.c */,
				03CBFADB12D705B500AF40F5 /* freenect_internal.h */,
				03CBFADC12D705B500AF40F5 /* libfreenect.h */,
				03CBFADD12D705B500AF40F5 /* libfreenect.hpp */,
				03CBFADE12D705B500AF40F5 /* libfreenect.pc.in */,
				03CBFADF12D705B500AF40F5 /* tilt.c */,
				03CBFAE012D705B500AF40F5 /* usb_libusb10.c */,
				03CBFAE112D705B500AF40F5 /* usb_libusb10.h */,
			);
			path = libfreenect;
			sourceTree = "<group>";
		};
		03CBFAE212D705B500AF40F5 /* libusb */ = {
			isa = PBXGroup;
			children = (
				03CBFAE312D705B500AF40F5 /* osx */,
			);
			path = libusb;
			sourceTree = "<group>";
		};
		03CBFAE312D705B500AF40F5 /* osx */ = {
			isa = PBXGroup;
			children = (
				03CBFAE412D705B500AF40F5 /* include */,
				03CBFAE712D705B500AF40F5 /* libs */,
			);
			path = osx;
			sourceTree = "<group>";
		};
		03CBFAE412D705B500AF40F5 /* include */ = {
			isa = PBXGroup;
			children = (
				03CBFAE512D705B500AF40F5 /* libusb-1.0 */,
			);
			path = include;
			sourceTree = "<group>";
		};
		03CBFAE512D705B500AF40F5 /* libusb-1.0 */ = {
			isa = PBXGroup;
			children = (
				03CBFAE612D705B500AF40F5 /* libusb.h */,
			);
			path = "libusb-1.0";
			sourceTree = "<group>";
		};
		03CBFAE712D705B500AF40F5 /* libs */ = {
			isa = PBXGroup;
			children = (
				03CBFAE812D705B500AF40F5 /* usb-1.0.a */,
			);
			path = libs;
			sourceTree = "<group>";
		};
		03CBFAE912D705B500AF40F5 /* src */ = {
			isa = PBXGroup;
			children = (
				03CBFAEA12D705B500AF40F5 /* ofxBase3DVideo.h */,
				03CBFAEB12D705B500AF40F5 /* ofxKinect.cpp */,
				03CBFAEC12D705B500AF40F5 /* ofxKinect.h */,
				03CBFAED12D705B500AF40F5 /* ofxKinectCalibration.cpp */,
				03CBFAEE12D705B500AF40F5 /* ofxKinectCalibration.h */,
				03CBFAEF12D705B500AF40F5 /* ofxKinectPlayer.cpp */,
				03CBFAF012D705B500AF40F5 /* ofxKinectPlayer.h */,
				03CBFAF112D705B500AF40F5 /* ofxKinectRecorder.cpp */,
				03CBFAF212D705B500AF40F5 /* ofxKinectRecorder.h */,
			);
			path = src;
			sourceTree = "<group>";
		};
		BB4B018C10F6955C006C3DED /* addons */ = {
			isa = PBXGroup;
			children = (
				038C175312D70FA900FD5C10 /* ofxOpenCVExtensions */,
				038C176112D70FA900FD5C10 /* ofxSimpleGuiToo */,
				03CBFAD612D705B500AF40F5 /* ofxKinect */,
				0321592D12AC83F100A73397 /* ofxTriangle */,
				0321590B12AC83F100A73397 /* computerVisionUtils */,
				0321592612AC83F100A73397 /* ofxMSAInteractiveObject */,
				033CA54012AC2BA7009F90F8 /* ofxOpenCv */,
				033CA52B12AC2AE8009F90F8 /* ofxVectorMath */,
				033CA52412AC2AE1009F90F8 /* ofxThread */,
				033CA4D912AC2AAE009F90F8 /* ofxXmlSettings */,
			);
			name = addons;
			sourceTree = "<group>";
		};
		E45BE0360E8CC5DE009D7055 /* libs */ = {
			isa = PBXGroup;
			children = (
				E45BEED60E8CCB34009D7055 /* core */,
			);
			name = libs;
			sourceTree = "<group>";
		};
		E45BE0370E8CC647009D7055 /* freeimage */ = {
			isa = PBXGroup;
			children = (
				E4C246D810CCAE22004149E2 /* osx */,
				E45BE0380E8CC647009D7055 /* include */,
			);
			name = freeimage;
			path = ../../../libs/freeimage;
			sourceTree = SOURCE_ROOT;
		};
		E45BE0380E8CC647009D7055 /* include */ = {
			isa = PBXGroup;
			children = (
				E45BE0390E8CC647009D7055 /* FreeImage.h */,
			);
			name = include;
			path = ../../../libs/freeimage/include;
			sourceTree = SOURCE_ROOT;
		};
		E45BE03D0E8CC650009D7055 /* fmodex */ = {
			isa = PBXGroup;
			children = (
				E45BE03E0E8CC650009D7055 /* inc */,
				E4C2428E10CC5C18004149E2 /* osx */,
			);
			name = fmodex;
			path = ../../../libs/fmodex;
			sourceTree = SOURCE_ROOT;
		};
		E45BE03E0E8CC650009D7055 /* inc */ = {
			isa = PBXGroup;
			children = (
				E45BE03F0E8CC650009D7055 /* fmod.h */,
				E45BE0400E8CC650009D7055 /* fmod.hpp */,
				E45BE0410E8CC650009D7055 /* fmod_codec.h */,
				E45BE0420E8CC650009D7055 /* fmod_dsp.h */,
				E45BE0430E8CC650009D7055 /* fmod_errors.h */,
				E45BE0440E8CC650009D7055 /* fmod_output.h */,
			);
			name = inc;
			path = ../../../libs/fmodex/include;
			sourceTree = SOURCE_ROOT;
		};
		E45BE0480E8CC657009D7055 /* core libraries */ = {
			isa = PBXGroup;
			children = (
				E4C2425B10CC5A78004149E2 /* glut */,
				E45BEC7B0E8CC911009D7055 /* poco */,
				E45BE2D50E8CC69C009D7055 /* rtAudio */,
				E45BE0A50E8CC67C009D7055 /* GLee */,
				E45BE0490E8CC676009D7055 /* freetype */,
				E45BE03D0E8CC650009D7055 /* fmodex */,
				E45BE0370E8CC647009D7055 /* freeimage */,
			);
			name = "core libraries";
			sourceTree = "<group>";
		};
		E45BE0490E8CC676009D7055 /* freetype */ = {
			isa = PBXGroup;
			children = (
				E4C2429210CC5C38004149E2 /* osx */,
			);
			name = freetype;
			path = ../../../libs/freetype;
			sourceTree = SOURCE_ROOT;
		};
		E45BE0A50E8CC67C009D7055 /* GLee */ = {
			isa = PBXGroup;
			children = (
				E45BE0A60E8CC67C009D7055 /* include */,
				E45BE0A80E8CC67C009D7055 /* lib */,
			);
			name = GLee;
			path = ../../../libs/GLee;
			sourceTree = SOURCE_ROOT;
		};
		E45BE0A60E8CC67C009D7055 /* include */ = {
			isa = PBXGroup;
			children = (
				E45BE0A70E8CC67C009D7055 /* GLee.h */,
			);
			name = include;
			path = ../../../libs/GLee/include;
			sourceTree = SOURCE_ROOT;
		};
		E45BE0A80E8CC67C009D7055 /* lib */ = {
			isa = PBXGroup;
			children = (
				E45BE0A90E8CC67C009D7055 /* GLee.a */,
			);
			name = lib;
			path = ../../../libs/GLee/lib/osx;
			sourceTree = SOURCE_ROOT;
		};
		E45BE2D50E8CC69C009D7055 /* rtAudio */ = {
			isa = PBXGroup;
			children = (
				E45BE2D60E8CC69C009D7055 /* include */,
				E45BE2E20E8CC69C009D7055 /* lib */,
			);
			name = rtAudio;
			path = ../../../libs/rtAudio;
			sourceTree = SOURCE_ROOT;
		};
		E45BE2D60E8CC69C009D7055 /* include */ = {
			isa = PBXGroup;
			children = (
				E45BE2D70E8CC69C009D7055 /* asio */,
				E45BE2E00E8CC69C009D7055 /* RtAudio.h */,
				E45BE2E10E8CC69C009D7055 /* RtError.h */,
			);
			name = include;
			path = ../../../libs/rtAudio/include;
			sourceTree = SOURCE_ROOT;
		};
		E45BE2D70E8CC69C009D7055 /* asio */ = {
			isa = PBXGroup;
			children = (
			);
			name = asio;
			path = ../../../libs/rtAudio/include/asio;
			sourceTree = SOURCE_ROOT;
		};
		E45BE2E20E8CC69C009D7055 /* lib */ = {
			isa = PBXGroup;
			children = (
				E45BE2E30E8CC69C009D7055 /* rtAudio.a */,
			);
			name = lib;
			path = ../../../libs/rtAudio/lib/osx;
			sourceTree = SOURCE_ROOT;
		};
		E45BE5980E8CC70C009D7055 /* core frameworks */ = {
			isa = PBXGroup;
			children = (
				E4C2424410CC5A17004149E2 /* AppKit.framework */,
				E4C2424510CC5A17004149E2 /* Cocoa.framework */,
				E4C2424610CC5A17004149E2 /* IOKit.framework */,
				E45BE9710E8CC7DD009D7055 /* AGL.framework */,
				E45BE9720E8CC7DD009D7055 /* ApplicationServices.framework */,
				E45BE9730E8CC7DD009D7055 /* AudioToolbox.framework */,
				E45BE9740E8CC7DD009D7055 /* Carbon.framework */,
				E45BE9750E8CC7DD009D7055 /* CoreAudio.framework */,
				E45BE9760E8CC7DD009D7055 /* CoreFoundation.framework */,
				E45BE9770E8CC7DD009D7055 /* CoreServices.framework */,
				E45BE9790E8CC7DD009D7055 /* OpenGL.framework */,
				E45BE97A0E8CC7DD009D7055 /* QuickTime.framework */,
			);
			name = "core frameworks";
			sourceTree = "<group>";
		};
		E45BEC7B0E8CC911009D7055 /* poco */ = {
			isa = PBXGroup;
			children = (
				E4C2427910CC5B66004149E2 /* osx */,
			);
			name = poco;
			path = ../../../libs/poco;
			sourceTree = SOURCE_ROOT;
		};
		E45BEED60E8CCB34009D7055 /* core */ = {
			isa = PBXGroup;
			children = (
				E45BE0480E8CC657009D7055 /* core libraries */,
				E45BE5980E8CC70C009D7055 /* core frameworks */,
			);
			name = core;
			sourceTree = "<group>";
		};
		E4B69B4A0A3A1720003C02F2 = {
			isa = PBXGroup;
			children = (
				E4B69B5B0A3A1756003C02F2 /* ofxKinect_triangle.app */,
				E4B6FCAD0C3E899E008CF71C /* openFrameworks-Info.plist */,
				E4B69E1C0A3A1BDC003C02F2 /* src */,
				BB4B018C10F6955C006C3DED /* addons */,
				E4C2422310CC54B6004149E2 /* openFrameworks */,
				E45BE0360E8CC5DE009D7055 /* libs */,
			);
			sourceTree = "<group>";
		};
		E4B69E1C0A3A1BDC003C02F2 /* src */ = {
			isa = PBXGroup;
			children = (
				038C16E212D70E2400FD5C10 /* ofxRuiThread.cpp */,
				038C16E312D70E2400FD5C10 /* ofxRuiThread.h */,
				03215A0B12ACA0B800A73397 /* ContourFinderThread.h */,
				E4B69E1D0A3A1BDC003C02F2 /* main.cpp */,
				0321596012AC851400A73397 /* MultiThreadedTriangle.h */,
				0321596112AC851400A73397 /* MultiThreadedTriangle.cpp */,
			);
			path = src;
			sourceTree = SOURCE_ROOT;
		};
		E4C2421710CC549C004149E2 /* Products */ = {
			isa = PBXGroup;
			children = (
				E4C2421E10CC549C004149E2 /* openFrameworks.a */,
			);
			name = Products;
			sourceTree = "<group>";
		};
		E4C2422310CC54B6004149E2 /* openFrameworks */ = {
			isa = PBXGroup;
			children = (
				E4C2421610CC549C004149E2 /* openFrameworksLib.xcodeproj */,
			);
			name = openFrameworks;
			sourceTree = "<group>";
		};
		E4C2425B10CC5A78004149E2 /* glut */ = {
			isa = PBXGroup;
			children = (
				E4C2425D10CC5A78004149E2 /* lib */,
			);
			name = glut;
			path = ../../../libs/glut;
			sourceTree = SOURCE_ROOT;
		};
		E4C2425D10CC5A78004149E2 /* lib */ = {
			isa = PBXGroup;
			children = (
				E4C2425E10CC5A78004149E2 /* osx */,
			);
			name = lib;
			path = ../../../libs/glut/lib;
			sourceTree = SOURCE_ROOT;
		};
		E4C2425E10CC5A78004149E2 /* osx */ = {
			isa = PBXGroup;
			children = (
				E4C2425F10CC5A78004149E2 /* GLUT.framework */,
			);
			name = osx;
			path = ../../../libs/glut/lib/osx;
			sourceTree = SOURCE_ROOT;
		};
		E4C2427910CC5B66004149E2 /* osx */ = {
			isa = PBXGroup;
			children = (
				E4C2427A10CC5B66004149E2 /* CppUnit.a */,
				E4C2427B10CC5B66004149E2 /* PocoFoundation.a */,
				E4C2427C10CC5B66004149E2 /* PocoNet.a */,
				E4C2427D10CC5B66004149E2 /* PocoUtil.a */,
				E4C2427E10CC5B66004149E2 /* PocoXML.a */,
			);
			name = osx;
			path = ../../../libs/poco/lib/osx;
			sourceTree = SOURCE_ROOT;
		};
		E4C2428E10CC5C18004149E2 /* osx */ = {
			isa = PBXGroup;
			children = (
				E4C242CC10CC650E004149E2 /* libfmodex.dylib */,
			);
			name = osx;
			path = ../../../libs/fmodex/lib/osx;
			sourceTree = SOURCE_ROOT;
		};
		E4C2429210CC5C38004149E2 /* osx */ = {
			isa = PBXGroup;
			children = (
				E4C2429310CC5C38004149E2 /* freetype.a */,
			);
			name = osx;
			path = ../../../libs/freetype/lib/osx;
			sourceTree = SOURCE_ROOT;
		};
		E4C246D810CCAE22004149E2 /* osx */ = {
			isa = PBXGroup;
			children = (
				E4C246D910CCAE22004149E2 /* freeimage.a */,
			);
			name = osx;
			path = ../../../libs/FreeImage/lib/osx;
			sourceTree = SOURCE_ROOT;
		};
/* End PBXGroup section */

/* Begin PBXNativeTarget section */
		E4B69B5A0A3A1756003C02F2 /* ofxKinect_triangle */ = {
			isa = PBXNativeTarget;
			buildConfigurationList = E4B69B5F0A3A1757003C02F2 /* Build configuration list for PBXNativeTarget "ofxKinect_triangle" */;
			buildPhases = (
				E4B69B580A3A1756003C02F2 /* Sources */,
				E4B69B590A3A1756003C02F2 /* Frameworks */,
				E4B6FFFD0C3F9AB9008CF71C /* ShellScript */,
				E4C2427710CC5ABF004149E2 /* CopyFiles */,
				E4C2444710CC769B004149E2 /* CopyFiles */,
			);
			buildRules = (
			);
			dependencies = (
				E4C2422810CC54DA004149E2 /* PBXTargetDependency */,
			);
			name = ofxKinect_triangle;
			productName = myOFApp;
			productReference = E4B69B5B0A3A1756003C02F2 /* ofxKinect_triangle.app */;
			productType = "com.apple.product-type.application";
		};
/* End PBXNativeTarget section */

/* Begin PBXProject section */
		E4B69B4C0A3A1720003C02F2 /* Project object */ = {
			isa = PBXProject;
			buildConfigurationList = E4B69B4D0A3A1720003C02F2 /* Build configuration list for PBXProject "ofxKinect_triangle" */;
			compatibilityVersion = "Xcode 2.4";
			developmentRegion = English;
			hasScannedForEncodings = 0;
			knownRegions = (
				English,
				Japanese,
				French,
				German,
			);
			mainGroup = E4B69B4A0A3A1720003C02F2;
			productRefGroup = E4B69B4A0A3A1720003C02F2;
			projectDirPath = "";
			projectReferences = (
				{
					ProductGroup = E4C2421710CC549C004149E2 /* Products */;
					ProjectRef = E4C2421610CC549C004149E2 /* openFrameworksLib.xcodeproj */;
				},
			);
			projectRoot = "";
			targets = (
				E4B69B5A0A3A1756003C02F2 /* ofxKinect_triangle */,
			);
		};
/* End PBXProject section */

/* Begin PBXReferenceProxy section */
		E4C2421E10CC549C004149E2 /* openFrameworks.a */ = {
			isa = PBXReferenceProxy;
			fileType = archive.ar;
			path = openFrameworks.a;
			remoteRef = E4C2421D10CC549C004149E2 /* PBXContainerItemProxy */;
			sourceTree = BUILT_PRODUCTS_DIR;
		};
/* End PBXReferenceProxy section */

/* Begin PBXShellScriptBuildPhase section */
		E4B6FFFD0C3F9AB9008CF71C /* ShellScript */ = {
			isa = PBXShellScriptBuildPhase;
			buildActionMask = 2147483647;
			files = (
			);
			inputPaths = (
			);
			outputPaths = (
			);
			runOnlyForDeploymentPostprocessing = 0;
			shellPath = /bin/sh;
			shellScript = "cp -f ../../../libs/fmodex/lib/osx/libfmodex.dylib \"$TARGET_BUILD_DIR/$PRODUCT_NAME.app/Contents/MacOS/libfmodex.dylib\"\ninstall_name_tool -change ./libfmodex.dylib @executable_path/libfmodex.dylib \"$TARGET_BUILD_DIR/$PRODUCT_NAME.app/Contents/MacOS/$PRODUCT_NAME\" ";
		};
/* End PBXShellScriptBuildPhase section */

/* Begin PBXSourcesBuildPhase section */
		E4B69B580A3A1756003C02F2 /* Sources */ = {
			isa = PBXSourcesBuildPhase;
			buildActionMask = 2147483647;
			files = (
				E4B69E200A3A1BDC003C02F2 /* main.cpp in Sources */,
				033CA4E312AC2AAE009F90F8 /* tinyxml.cpp in Sources */,
				033CA4E412AC2AAE009F90F8 /* tinyxmlerror.cpp in Sources */,
				033CA4E512AC2AAE009F90F8 /* tinyxmlparser.cpp in Sources */,
				033CA4E612AC2AAE009F90F8 /* ofxXmlSettings.cpp in Sources */,
				033CA52A12AC2AE1009F90F8 /* ofxThread.cpp in Sources */,
				033CA53B12AC2AE9009F90F8 /* ofxMatrix3x3.cpp in Sources */,
				033CA53C12AC2AE9009F90F8 /* ofxMatrix4x4.cpp in Sources */,
				033CA53D12AC2AE9009F90F8 /* ofxQuaternion.cpp in Sources */,
				033CA56A12AC2BA8009F90F8 /* ofxCvColorImage.cpp in Sources */,
				033CA56B12AC2BA8009F90F8 /* ofxCvContourFinder.cpp in Sources */,
				033CA56C12AC2BA8009F90F8 /* ofxCvFloatImage.cpp in Sources */,
				033CA56D12AC2BA8009F90F8 /* ofxCvGrayscaleImage.cpp in Sources */,
				033CA56E12AC2BA8009F90F8 /* ofxCvImage.cpp in Sources */,
				033CA56F12AC2BA8009F90F8 /* ofxCvShortImage.cpp in Sources */,
				0321593F12AC83F100A73397 /* contourSimplify.cpp in Sources */,
				0321594812AC83F200A73397 /* ofxMSAInteractiveObject.cpp in Sources */,
				0321594B12AC83F200A73397 /* assert.cpp in Sources */,
				0321594C12AC83F200A73397 /* del_impl.cpp in Sources */,
				0321594D12AC83F200A73397 /* ofxTriangle.cpp in Sources */,
				0321596212AC851400A73397 /* MultiThreadedTriangle.cpp in Sources */,
				03CBFAF312D705B500AF40F5 /* cameras.c in Sources */,
				03CBFAF412D705B500AF40F5 /* core.c in Sources */,
				03CBFAF512D705B500AF40F5 /* tilt.c in Sources */,
				03CBFAF612D705B500AF40F5 /* usb_libusb10.c in Sources */,
				03CBFAF812D705B500AF40F5 /* ofxKinect.cpp in Sources */,
				03CBFAF912D705B500AF40F5 /* ofxKinectCalibration.cpp in Sources */,
				03CBFAFA12D705B500AF40F5 /* ofxKinectPlayer.cpp in Sources */,
				03CBFAFB12D705B500AF40F5 /* ofxKinectRecorder.cpp in Sources */,
				038C16E412D70E2400FD5C10 /* ofxRuiThread.cpp in Sources */,
				038C178912D70FA900FD5C10 /* CPUImageFilter.cpp in Sources */,
				038C178A12D70FA900FD5C10 /* ofxCvBlobTracker.cpp in Sources */,
				038C178B12D70FA900FD5C10 /* ofxCvCoordWarping.cpp in Sources */,
				038C178C12D70FA900FD5C10 /* ofxCvCoordWarpingGui.cpp in Sources */,
				038C178D12D70FA900FD5C10 /* ofxCvOpticalFlowLK.cpp in Sources */,
				038C178E12D70FA900FD5C10 /* ofxSimpleGuiButton.cpp in Sources */,
				038C178F12D70FA900FD5C10 /* ofxSimpleGuiColorPicker.cpp in Sources */,
				038C179012D70FA900FD5C10 /* ofxSimpleGuiComboBox.cpp in Sources */,
				038C179112D70FA900FD5C10 /* ofxSimpleGuiContent.cpp in Sources */,
				038C179212D70FA900FD5C10 /* ofxSimpleGuiFPSCounter.cpp in Sources */,
				038C179312D70FA900FD5C10 /* ofxSimpleGuiMovieSlider.cpp in Sources */,
				038C179412D70FA900FD5C10 /* ofxSimpleGuiQuadWarp.cpp in Sources */,
				038C179512D70FA900FD5C10 /* ofxSimpleGuiSlider2d.cpp in Sources */,
				038C179612D70FA900FD5C10 /* ofxSimpleGuiTitle.cpp in Sources */,
				038C179712D70FA900FD5C10 /* ofxSimpleGuiToggle.cpp in Sources */,
				038C179812D70FA900FD5C10 /* ofxSimpleGuiConfig.cpp in Sources */,
				038C179912D70FA900FD5C10 /* ofxSimpleGuiControl.cpp in Sources */,
				038C179A12D70FA900FD5C10 /* ofxSimpleGuiPage.cpp in Sources */,
				038C179B12D70FA900FD5C10 /* ofxSimpleGuiToo.cpp in Sources */,
				038C179C12D70FA900FD5C10 /* ofxSimpleGuiValueControl.cpp in Sources */,
			);
			runOnlyForDeploymentPostprocessing = 0;
		};
/* End PBXSourcesBuildPhase section */

/* Begin PBXTargetDependency section */
		E4C2422810CC54DA004149E2 /* PBXTargetDependency */ = {
			isa = PBXTargetDependency;
			name = openFrameworks;
			targetProxy = E4C2422710CC54DA004149E2 /* PBXContainerItemProxy */;
		};
/* End PBXTargetDependency section */

/* Begin XCBuildConfiguration section */
		E4B69B4E0A3A1720003C02F2 /* Debug */ = {
			isa = XCBuildConfiguration;
			buildSettings = {
				ARCHS = "$(NATIVE_ARCH)";
				CONFIGURATION_BUILD_DIR = "$(SRCROOT)/bin/";
				COPY_PHASE_STRIP = NO;
				DEAD_CODE_STRIPPING = YES;
				GCC_AUTO_VECTORIZATION = YES;
				GCC_ENABLE_SSE3_EXTENSIONS = YES;
				GCC_ENABLE_SUPPLEMENTAL_SSE3_INSTRUCTIONS = YES;
				GCC_INLINES_ARE_PRIVATE_EXTERN = NO;
				GCC_MODEL_TUNING = G5;
				GCC_SYMBOLS_PRIVATE_EXTERN = NO;
				GCC_WARN_ABOUT_DEPRECATED_FUNCTIONS = NO;
				GCC_WARN_ABOUT_INVALID_OFFSETOF_MACRO = NO;
				GCC_WARN_ALLOW_INCOMPLETE_PROTOCOL = NO;
				GCC_WARN_UNINITIALIZED_AUTOS = NO;
				GCC_WARN_UNUSED_VALUE = NO;
				GCC_WARN_UNUSED_VARIABLE = NO;
				HEADER_SEARCH_PATHS = (
					"./**",
					"../../../libs/openFrameworks/**",
					../../../libs/freetype/include/,
					../../../libs/freetype/include/freetype2,
					../../../libs/poco/include,
				);
				OTHER_CPLUSPLUSFLAGS = (
					"-D__MACOSX_CORE__",
					"-lpthread",
				);
				OTHER_LDFLAGS = "";
				SDKROOT = macosx;
			};
			name = Debug;
		};
		E4B69B4F0A3A1720003C02F2 /* Release */ = {
			isa = XCBuildConfiguration;
			buildSettings = {
				ARCHS = "$(NATIVE_ARCH)";
				CONFIGURATION_BUILD_DIR = "$(SRCROOT)/bin/";
				COPY_PHASE_STRIP = YES;
				DEAD_CODE_STRIPPING = YES;
				GCC_AUTO_VECTORIZATION = YES;
				GCC_ENABLE_SSE3_EXTENSIONS = YES;
				GCC_ENABLE_SUPPLEMENTAL_SSE3_INSTRUCTIONS = YES;
				GCC_INLINES_ARE_PRIVATE_EXTERN = NO;
				GCC_MODEL_TUNING = G5;
				GCC_OPTIMIZATION_LEVEL = 3;
				GCC_SYMBOLS_PRIVATE_EXTERN = NO;
				GCC_UNROLL_LOOPS = YES;
				GCC_WARN_ABOUT_DEPRECATED_FUNCTIONS = NO;
				GCC_WARN_ABOUT_INVALID_OFFSETOF_MACRO = NO;
				GCC_WARN_ALLOW_INCOMPLETE_PROTOCOL = NO;
				GCC_WARN_UNINITIALIZED_AUTOS = NO;
				GCC_WARN_UNUSED_VALUE = NO;
				GCC_WARN_UNUSED_VARIABLE = NO;
				HEADER_SEARCH_PATHS = (
					"./**",
					"../../../libs/openFrameworks/**",
					../../../libs/freetype/include/,
					../../../libs/freetype/include/freetype2,
					../../../libs/poco/include,
				);
				OTHER_CPLUSPLUSFLAGS = (
					"-D__MACOSX_CORE__",
					"-lpthread",
				);
				OTHER_LDFLAGS = "";
				SDKROOT = macosx;
			};
			name = Release;
		};
		E4B69B600A3A1757003C02F2 /* Debug */ = {
			isa = XCBuildConfiguration;
			buildSettings = {
				COPY_PHASE_STRIP = NO;
				FRAMEWORK_SEARCH_PATHS = (
					"$(inherited)",
					"$(FRAMEWORK_SEARCH_PATHS_QUOTED_FOR_TARGET_1)",
				);
				FRAMEWORK_SEARCH_PATHS_QUOTED_FOR_TARGET_1 = "\"$(SRCROOT)/../../../libs/glut/lib/osx\"";
				GCC_DYNAMIC_NO_PIC = NO;
				GCC_ENABLE_FIX_AND_CONTINUE = YES;
				GCC_GENERATE_DEBUGGING_SYMBOLS = YES;
				GCC_MODEL_TUNING = G4;
				GCC_OPTIMIZATION_LEVEL = 0;
				GCC_PRECOMPILE_PREFIX_HEADER = YES;
				GCC_PREFIX_HEADER = "$(SYSTEM_LIBRARY_DIR)/Frameworks/Carbon.framework/Headers/Carbon.h";
				INFOPLIST_FILE = "openFrameworks-Info.plist";
				INSTALL_PATH = "$(HOME)/Applications";
				LIBRARY_SEARCH_PATHS = (
					"$(inherited)",
					"$(LIBRARY_SEARCH_PATHS_QUOTED_FOR_TARGET_1)",
					"$(LIBRARY_SEARCH_PATHS_QUOTED_FOR_TARGET_2)",
					"$(LIBRARY_SEARCH_PATHS_QUOTED_FOR_TARGET_3)",
					"$(LIBRARY_SEARCH_PATHS_QUOTED_FOR_TARGET_4)",
					"$(LIBRARY_SEARCH_PATHS_QUOTED_FOR_TARGET_5)",
					"$(LIBRARY_SEARCH_PATHS_QUOTED_FOR_TARGET_6)",
					"$(LIBRARY_SEARCH_PATHS_QUOTED_FOR_TARGET_7)",
					"$(LIBRARY_SEARCH_PATHS_QUOTED_FOR_TARGET_8)",
					"$(LIBRARY_SEARCH_PATHS_QUOTED_FOR_TARGET_9)",
					"$(LIBRARY_SEARCH_PATHS_QUOTED_FOR_TARGET_10)",
					"$(LIBRARY_SEARCH_PATHS_QUOTED_FOR_TARGET_11)",
					"$(LIBRARY_SEARCH_PATHS_QUOTED_FOR_TARGET_12)",
					"$(LIBRARY_SEARCH_PATHS_QUOTED_FOR_TARGET_13)",
					"$(LIBRARY_SEARCH_PATHS_QUOTED_FOR_TARGET_14)",
					"$(LIBRARY_SEARCH_PATHS_QUOTED_FOR_TARGET_15)",
					"$(LIBRARY_SEARCH_PATHS_QUOTED_FOR_TARGET_2)",
					"$(LIBRARY_SEARCH_PATHS_QUOTED_FOR_TARGET_3)",
					"$(LIBRARY_SEARCH_PATHS_QUOTED_FOR_TARGET_7)",
					"$(LIBRARY_SEARCH_PATHS_QUOTED_FOR_TARGET_8)",
					"$(LIBRARY_SEARCH_PATHS_QUOTED_FOR_TARGET_9)",
					"$(LIBRARY_SEARCH_PATHS_QUOTED_FOR_TARGET_10)",
				);
				LIBRARY_SEARCH_PATHS_QUOTED_FOR_TARGET_1 = "\"$(SRCROOT)/../../../libs/freeimage/lib/osx\"";
				LIBRARY_SEARCH_PATHS_QUOTED_FOR_TARGET_10 = "\"$(SRCROOT)/addons/ofxKinect/libs/libusb/osx/libs\"";
				LIBRARY_SEARCH_PATHS_QUOTED_FOR_TARGET_14 = "\"$(SRCROOT)/../../../libs/fmodex/lib/osx\"";
				LIBRARY_SEARCH_PATHS_QUOTED_FOR_TARGET_15 = "\"$(SRCROOT)/../../../libs/freetype/lib/osx\"";
				LIBRARY_SEARCH_PATHS_QUOTED_FOR_TARGET_2 = "\"$(SRCROOT)/../../../libs/FreeImage/lib/osx\"";
				LIBRARY_SEARCH_PATHS_QUOTED_FOR_TARGET_3 = "\"$(SRCROOT)/ofxKinect/libs/libusb/osx/libs\"";
				LIBRARY_SEARCH_PATHS_QUOTED_FOR_TARGET_4 = "\"$(SRCROOT)/../../../libs/GLee/lib/osx\"";
				LIBRARY_SEARCH_PATHS_QUOTED_FOR_TARGET_5 = "\"$(SRCROOT)/../../../libs/poco/lib/osx\"";
				LIBRARY_SEARCH_PATHS_QUOTED_FOR_TARGET_6 = "\"$(SRCROOT)/../../../libs/rtAudio/lib/osx\"";
				LIBRARY_SEARCH_PATHS_QUOTED_FOR_TARGET_7 = "\"$(SRCROOT)/../../../addons/ofxOpenCv/libs/opencv/lib/osx\"";
				LIBRARY_SEARCH_PATHS_QUOTED_FOR_TARGET_8 = "\"$(SRCROOT)/addons/ofxKinect/libs/libusb/osx/libs\"";
				LIBRARY_SEARCH_PATHS_QUOTED_FOR_TARGET_9 = "\"$(SRCROOT)/addons/ofxKinect/libs/libusb/osx/libs\"";
				PREBINDING = NO;
				PRODUCT_NAME = ofxKinect_triangle;
				WRAPPER_EXTENSION = app;
				ZERO_LINK = NO;
			};
			name = Debug;
		};
		E4B69B610A3A1757003C02F2 /* Release */ = {
			isa = XCBuildConfiguration;
			buildSettings = {
				COPY_PHASE_STRIP = YES;
				FRAMEWORK_SEARCH_PATHS = (
					"$(inherited)",
					"$(FRAMEWORK_SEARCH_PATHS_QUOTED_FOR_TARGET_1)",
				);
				FRAMEWORK_SEARCH_PATHS_QUOTED_FOR_TARGET_1 = "\"$(SRCROOT)/../../../libs/glut/lib/osx\"";
				GCC_ENABLE_FIX_AND_CONTINUE = NO;
				GCC_GENERATE_DEBUGGING_SYMBOLS = NO;
				GCC_MODEL_TUNING = G4;
				GCC_PRECOMPILE_PREFIX_HEADER = YES;
				GCC_PREFIX_HEADER = "$(SYSTEM_LIBRARY_DIR)/Frameworks/Carbon.framework/Headers/Carbon.h";
				INFOPLIST_FILE = "openFrameworks-Info.plist";
				INSTALL_PATH = "$(HOME)/Applications";
				LIBRARY_SEARCH_PATHS = (
					"$(inherited)",
					"$(LIBRARY_SEARCH_PATHS_QUOTED_FOR_TARGET_1)",
					"$(LIBRARY_SEARCH_PATHS_QUOTED_FOR_TARGET_2)",
					"$(LIBRARY_SEARCH_PATHS_QUOTED_FOR_TARGET_3)",
					"$(LIBRARY_SEARCH_PATHS_QUOTED_FOR_TARGET_4)",
					"$(LIBRARY_SEARCH_PATHS_QUOTED_FOR_TARGET_5)",
					"$(LIBRARY_SEARCH_PATHS_QUOTED_FOR_TARGET_6)",
					"$(LIBRARY_SEARCH_PATHS_QUOTED_FOR_TARGET_7)",
					"$(LIBRARY_SEARCH_PATHS_QUOTED_FOR_TARGET_8)",
					"$(LIBRARY_SEARCH_PATHS_QUOTED_FOR_TARGET_9)",
					"$(LIBRARY_SEARCH_PATHS_QUOTED_FOR_TARGET_10)",
					"$(LIBRARY_SEARCH_PATHS_QUOTED_FOR_TARGET_11)",
					"$(LIBRARY_SEARCH_PATHS_QUOTED_FOR_TARGET_12)",
					"$(LIBRARY_SEARCH_PATHS_QUOTED_FOR_TARGET_13)",
					"$(LIBRARY_SEARCH_PATHS_QUOTED_FOR_TARGET_14)",
					"$(LIBRARY_SEARCH_PATHS_QUOTED_FOR_TARGET_15)",
					"$(LIBRARY_SEARCH_PATHS_QUOTED_FOR_TARGET_2)",
					"$(LIBRARY_SEARCH_PATHS_QUOTED_1)",
					"$(LIBRARY_SEARCH_PATHS_QUOTED_2)",
					"$(LIBRARY_SEARCH_PATHS_QUOTED_FOR_TARGET_3)",
					"$(LIBRARY_SEARCH_PATHS_QUOTED_FOR_TARGET_7)",
					"$(LIBRARY_SEARCH_PATHS_QUOTED_FOR_TARGET_8)",
				);
				LIBRARY_SEARCH_PATHS_QUOTED_1 = "\"$(SRCROOT)/ofxKinect/libs/libusb/osx/libs\"";
				LIBRARY_SEARCH_PATHS_QUOTED_2 = "\"$(SRCROOT)/../../../addons/ofxOpenCv/libs/opencv/lib/osx\"";
				LIBRARY_SEARCH_PATHS_QUOTED_FOR_TARGET_1 = "\"$(SRCROOT)/../../../libs/freeimage/lib/osx\"";
				LIBRARY_SEARCH_PATHS_QUOTED_FOR_TARGET_14 = "\"$(SRCROOT)/../../../libs/fmodex/lib/osx\"";
				LIBRARY_SEARCH_PATHS_QUOTED_FOR_TARGET_15 = "\"$(SRCROOT)/../../../libs/freetype/lib/osx\"";
				LIBRARY_SEARCH_PATHS_QUOTED_FOR_TARGET_2 = "\"$(SRCROOT)/../../../libs/FreeImage/lib/osx\"";
				LIBRARY_SEARCH_PATHS_QUOTED_FOR_TARGET_3 = "\"$(SRCROOT)/addons/ofxKinect/libs/libusb/osx/libs\"";
				LIBRARY_SEARCH_PATHS_QUOTED_FOR_TARGET_4 = "\"$(SRCROOT)/../../../libs/GLee/lib/osx\"";
				LIBRARY_SEARCH_PATHS_QUOTED_FOR_TARGET_5 = "\"$(SRCROOT)/../../../libs/poco/lib/osx\"";
				LIBRARY_SEARCH_PATHS_QUOTED_FOR_TARGET_6 = "\"$(SRCROOT)/../../../libs/rtAudio/lib/osx\"";
				LIBRARY_SEARCH_PATHS_QUOTED_FOR_TARGET_7 = "\"$(SRCROOT)/addons/ofxKinect/libs/libusb/osx/libs\"";
				LIBRARY_SEARCH_PATHS_QUOTED_FOR_TARGET_8 = "\"$(SRCROOT)/addons/ofxKinect/libs/libusb/osx/libs\"";
				PREBINDING = NO;
				PRODUCT_NAME = ofxKinect_triangle;
				WRAPPER_EXTENSION = app;
				ZERO_LINK = NO;
			};
			name = Release;
		};
/* End XCBuildConfiguration section */

/* Begin XCConfigurationList section */
		E4B69B4D0A3A1720003C02F2 /* Build configuration list for PBXProject "ofxKinect_triangle" */ = {
			isa = XCConfigurationList;
			buildConfigurations = (
				E4B69B4E0A3A1720003C02F2 /* Debug */,
				E4B69B4F0A3A1720003C02F2 /* Release */,
			);
			defaultConfigurationIsVisible = 0;
			defaultConfigurationName = Release;
		};
		E4B69B5F0A3A1757003C02F2 /* Build configuration list for PBXNativeTarget "ofxKinect_triangle" */ = {
			isa = XCConfigurationList;
			buildConfigurations = (
				E4B69B600A3A1757003C02F2 /* Debug */,
				E4B69B610A3A1757003C02F2 /* Release */,
			);
			defaultConfigurationIsVisible = 0;
			defaultConfigurationName = Release;
		};
/* End XCConfigurationList section */
	};
	rootObject = E4B69B4C0A3A1720003C02F2 /* Project object */;
}
